
Microsoft Visual Studio Solution File, Format Version 12.00
# Visual Studio Version 16
VisualStudioVersion = 16.0.30717.126
MinimumVisualStudioVersion = 10.0.40219.1
Project("{FAE04EC0-301F-11D3-BF4B-00C04F79EFBC}") = "Mh.DbAccess", "Mh.DbAccess\Mh.DbAccess.csproj", "{BA466DEC-6424-4D55-AEF6-117E3E34440E}"
EndProject
Project("{FAE04EC0-301F-11D3-BF4B-00C04F79EFBC}") = "Mh.Enums", "Mh.Enums\Mh.Enums.csproj", "{AA245A4D-DDC2-4288-8694-3852397BCAEE}"
EndProject
Project("{FAE04EC0-301F-11D3-BF4B-00C04F79EFBC}") = "Mh.Utils", "Mh.Utils\Mh.Utils.csproj", "{E228DA7D-D268-4AD1-9C8D-A5A9BC28CBB0}"
EndProject
Project("{FAE04EC0-301F-11D3-BF4B-00C04F79EFBC}") = "Mh.Db", "Mh.Db\Mh.Db.csproj", "{F00088A4-AC91-4B9F-8349-970CA291869E}"
EndProject
Project("{FAE04EC0-301F-11D3-BF4B-00C04F79EFBC}") = "websocket-sharp", "websocket-sharp\websocket-sharp.csproj", "{B357BAC7-529E-4D81-A0D2-71041B19C8DE}"
EndProject
Project("{2150E333-8FDC-42A3-9474-1A3956D46DE8}") = "Service", "Service", "{D2BE866A-458B-4701-9FEB-CEA5E0857B4D}"
EndProject
Project("{2150E333-8FDC-42A3-9474-1A3956D46DE8}") = "Presentation", "Presentation", "{CF426463-E99D-4EEC-AD77-F0B04FF8414E}"
EndProject
Project("{2150E333-8FDC-42A3-9474-1A3956D46DE8}") = "Data", "Data", "{A3AB18D4-DFDA-4B1C-9347-5AD2653A177B}"
EndProject
Project("{2150E333-8FDC-42A3-9474-1A3956D46DE8}") = "Lib", "Lib", "{7A9C5C44-3F4A-48A7-AAD9-AD249CC3682A}"
EndProject
Project("{2150E333-8FDC-42A3-9474-1A3956D46DE8}") = "Common", "Common", "{7B87C7D1-5E19-45F5-B716-33FF2FE89FAF}"
EndProject
Project("{2150E333-8FDC-42A3-9474-1A3956D46DE8}") = "Business", "Business", "{F810C2FB-8400-4E8E-88F6-3696AC1032A7}"
EndProject
Project("{FAE04EC0-301F-11D3-BF4B-00C04F79EFBC}") = "Mh.Business.Contract", "Mh.Business.Contract\Mh.Business.Contract.csproj", "{2C7F20FF-A425-4F2C-B252-D24C3B65032B}"
EndProject
Project("{FAE04EC0-301F-11D3-BF4B-00C04F79EFBC}") = "Mh.Business", "Mh.Business\Mh.Business.csproj", "{9364C91C-B3AF-45C8-B7C6-F64C8B1902D7}"
EndProject
Project("{FAE04EC0-301F-11D3-BF4B-00C04F79EFBC}") = "Mh.Sessions", "Mh.Sessions\Mh.Sessions.csproj", "{C936B313-8ADC-411D-8581-04C4E62DAC1C}"
EndProject
Project("{FAE04EC0-301F-11D3-BF4B-00C04F79EFBC}") = "Mh.Business.Bo", "Mh.Business.Bo\Mh.Business.Bo.csproj", "{4357321D-2978-46D2-96D9-C225A7C59D86}"
EndProject
Project("{FAE04EC0-301F-11D3-BF4B-00C04F79EFBC}") = "Mh.Service.Dto", "Mh.Service.Dto\Mh.Service.Dto.csproj", "{9106414D-3319-41B8-ABF5-C366B3652E90}"
EndProject
Project("{FAE04EC0-301F-11D3-BF4B-00C04F79EFBC}") = "Mh.Ui.Xamarin.Android", "Mh.Ui.Xamarin\Mh.Ui.Xamarin.Android\Mh.Ui.Xamarin.Android.csproj", "{4393E500-73AD-49F1-BF28-145BE765C735}"
EndProject
Project("{FAE04EC0-301F-11D3-BF4B-00C04F79EFBC}") = "Mh.Ui.Xamarin.iOS", "Mh.Ui.Xamarin\Mh.Ui.Xamarin.iOS\Mh.Ui.Xamarin.iOS.csproj", "{9FA20284-D97D-4BE0-9680-6D2A46AAAC42}"
EndProject
Project("{9A19103F-16F7-4668-BE54-9A1E7A4F7556}") = "Mh.Ui.Xamarin", "Mh.Ui.Xamarin\Mh.Ui.Xamarin\Mh.Ui.Xamarin.csproj", "{9FA3AC02-C417-416C-991B-F17499B7CB67}"
EndProject
Project("{FAE04EC0-301F-11D3-BF4B-00C04F79EFBC}") = "Mh.Service.WebApi", "Mh.Service.WebApi\Mh.Service.WebApi.csproj", "{234AA196-3859-4322-861E-9AD5AC9240D0}"
EndProject
Project("{2150E333-8FDC-42A3-9474-1A3956D46DE8}") = "Device", "Device", "{3272DAD1-1B6C-4172-A673-1492129F2F2F}"
EndProject
Project("{FAE04EC0-301F-11D3-BF4B-00C04F79EFBC}") = "Mh.Device.Scale", "Mh.Device.Scale\Mh.Device.Scale.csproj", "{C9AC386E-F2F5-4F43-B3B0-216EF40A49DB}"
EndProject
Project("{FAE04EC0-301F-11D3-BF4B-00C04F79EFBC}") = "Mh.Service.PostMan", "Mh.Service.PostMan\Mh.Service.PostMan.csproj", "{1C59E306-F349-4A37-A655-12F889FDDFD3}"
EndProject
Project("{FAE04EC0-301F-11D3-BF4B-00C04F79EFBC}") = "Mh.Tools.ImageImport", "Mh.Tools.ImageImport\Mh.Tools.ImageImport.csproj", "{E71ECE37-BA1B-4D80-8357-7FB4AFFEC2E4}"
EndProject
Project("{2150E333-8FDC-42A3-9474-1A3956D46DE8}") = "Tools", "Tools", "{ABE722BD-ADC2-4BA6-B06A-B01B70AF30E9}"
EndProject
Project("{FAE04EC0-301F-11D3-BF4B-00C04F79EFBC}") = "Mh.Tools.ImageCompress", "Mh.Tools.ImageCompress\Mh.Tools.ImageCompress.csproj", "{0535C61D-BB29-46C7-B09E-C905B78E9B98}"
EndProject
Project("{FAE04EC0-301F-11D3-BF4B-00C04F79EFBC}") = "Mh.Service.SmsMan", "Mh.Service.SmsMan\Mh.Service.SmsMan.csproj", "{DE9ADEE2-F8A5-4BD9-97FD-015206BA8126}"
EndProject
Global
	GlobalSection(SolutionConfigurationPlatforms) = preSolution
		Ad-Hoc|Any CPU = Ad-Hoc|Any CPU
		Ad-Hoc|iPhone = Ad-Hoc|iPhone
		Ad-Hoc|iPhoneSimulator = Ad-Hoc|iPhoneSimulator
		AppStore|Any CPU = AppStore|Any CPU
		AppStore|iPhone = AppStore|iPhone
		AppStore|iPhoneSimulator = AppStore|iPhoneSimulator
		Debug_Ubuntu|Any CPU = Debug_Ubuntu|Any CPU
		Debug_Ubuntu|iPhone = Debug_Ubuntu|iPhone
		Debug_Ubuntu|iPhoneSimulator = Debug_Ubuntu|iPhoneSimulator
		Debug|Any CPU = Debug|Any CPU
		Debug|iPhone = Debug|iPhone
		Debug|iPhoneSimulator = Debug|iPhoneSimulator
		Release_Ubuntu|Any CPU = Release_Ubuntu|Any CPU
		Release_Ubuntu|iPhone = Release_Ubuntu|iPhone
		Release_Ubuntu|iPhoneSimulator = Release_Ubuntu|iPhoneSimulator
		Release|Any CPU = Release|Any CPU
		Release|iPhone = Release|iPhone
		Release|iPhoneSimulator = Release|iPhoneSimulator
	EndGlobalSection
	GlobalSection(ProjectConfigurationPlatforms) = postSolution
		{BA466DEC-6424-4D55-AEF6-117E3E34440E}.Ad-Hoc|Any CPU.ActiveCfg = Release|Any CPU
		{BA466DEC-6424-4D55-AEF6-117E3E34440E}.Ad-Hoc|Any CPU.Build.0 = Release|Any CPU
		{BA466DEC-6424-4D55-AEF6-117E3E34440E}.Ad-Hoc|iPhone.ActiveCfg = Release|Any CPU
		{BA466DEC-6424-4D55-AEF6-117E3E34440E}.Ad-Hoc|iPhone.Build.0 = Release|Any CPU
		{BA466DEC-6424-4D55-AEF6-117E3E34440E}.Ad-Hoc|iPhoneSimulator.ActiveCfg = Release|Any CPU
		{BA466DEC-6424-4D55-AEF6-117E3E34440E}.Ad-Hoc|iPhoneSimulator.Build.0 = Release|Any CPU
		{BA466DEC-6424-4D55-AEF6-117E3E34440E}.AppStore|Any CPU.ActiveCfg = Release|Any CPU
		{BA466DEC-6424-4D55-AEF6-117E3E34440E}.AppStore|Any CPU.Build.0 = Release|Any CPU
		{BA466DEC-6424-4D55-AEF6-117E3E34440E}.AppStore|iPhone.ActiveCfg = Release|Any CPU
		{BA466DEC-6424-4D55-AEF6-117E3E34440E}.AppStore|iPhone.Build.0 = Release|Any CPU
		{BA466DEC-6424-4D55-AEF6-117E3E34440E}.AppStore|iPhoneSimulator.ActiveCfg = Release|Any CPU
		{BA466DEC-6424-4D55-AEF6-117E3E34440E}.AppStore|iPhoneSimulator.Build.0 = Release|Any CPU
		{BA466DEC-6424-4D55-AEF6-117E3E34440E}.Debug_Ubuntu|Any CPU.ActiveCfg = Debug|Any CPU
		{BA466DEC-6424-4D55-AEF6-117E3E34440E}.Debug_Ubuntu|Any CPU.Build.0 = Debug|Any CPU
		{BA466DEC-6424-4D55-AEF6-117E3E34440E}.Debug_Ubuntu|iPhone.ActiveCfg = Debug|Any CPU
		{BA466DEC-6424-4D55-AEF6-117E3E34440E}.Debug_Ubuntu|iPhone.Build.0 = Debug|Any CPU
		{BA466DEC-6424-4D55-AEF6-117E3E34440E}.Debug_Ubuntu|iPhoneSimulator.ActiveCfg = Debug|Any CPU
		{BA466DEC-6424-4D55-AEF6-117E3E34440E}.Debug_Ubuntu|iPhoneSimulator.Build.0 = Debug|Any CPU
		{BA466DEC-6424-4D55-AEF6-117E3E34440E}.Debug|Any CPU.ActiveCfg = Debug|Any CPU
		{BA466DEC-6424-4D55-AEF6-117E3E34440E}.Debug|iPhone.ActiveCfg = Debug|Any CPU
		{BA466DEC-6424-4D55-AEF6-117E3E34440E}.Debug|iPhone.Build.0 = Debug|Any CPU
		{BA466DEC-6424-4D55-AEF6-117E3E34440E}.Debug|iPhoneSimulator.ActiveCfg = Debug|Any CPU
		{BA466DEC-6424-4D55-AEF6-117E3E34440E}.Debug|iPhoneSimulator.Build.0 = Debug|Any CPU
		{BA466DEC-6424-4D55-AEF6-117E3E34440E}.Release_Ubuntu|Any CPU.ActiveCfg = Release|Any CPU
		{BA466DEC-6424-4D55-AEF6-117E3E34440E}.Release_Ubuntu|Any CPU.Build.0 = Release|Any CPU
		{BA466DEC-6424-4D55-AEF6-117E3E34440E}.Release_Ubuntu|iPhone.ActiveCfg = Release|Any CPU
		{BA466DEC-6424-4D55-AEF6-117E3E34440E}.Release_Ubuntu|iPhone.Build.0 = Release|Any CPU
		{BA466DEC-6424-4D55-AEF6-117E3E34440E}.Release_Ubuntu|iPhoneSimulator.ActiveCfg = Release|Any CPU
		{BA466DEC-6424-4D55-AEF6-117E3E34440E}.Release_Ubuntu|iPhoneSimulator.Build.0 = Release|Any CPU
		{BA466DEC-6424-4D55-AEF6-117E3E34440E}.Release|Any CPU.ActiveCfg = Release|Any CPU
		{BA466DEC-6424-4D55-AEF6-117E3E34440E}.Release|Any CPU.Build.0 = Release|Any CPU
		{BA466DEC-6424-4D55-AEF6-117E3E34440E}.Release|iPhone.ActiveCfg = Release|Any CPU
		{BA466DEC-6424-4D55-AEF6-117E3E34440E}.Release|iPhone.Build.0 = Release|Any CPU
		{BA466DEC-6424-4D55-AEF6-117E3E34440E}.Release|iPhoneSimulator.ActiveCfg = Release|Any CPU
		{BA466DEC-6424-4D55-AEF6-117E3E34440E}.Release|iPhoneSimulator.Build.0 = Release|Any CPU
		{AA245A4D-DDC2-4288-8694-3852397BCAEE}.Ad-Hoc|Any CPU.ActiveCfg = Release|Any CPU
		{AA245A4D-DDC2-4288-8694-3852397BCAEE}.Ad-Hoc|Any CPU.Build.0 = Release|Any CPU
		{AA245A4D-DDC2-4288-8694-3852397BCAEE}.Ad-Hoc|iPhone.ActiveCfg = Release|Any CPU
		{AA245A4D-DDC2-4288-8694-3852397BCAEE}.Ad-Hoc|iPhone.Build.0 = Release|Any CPU
		{AA245A4D-DDC2-4288-8694-3852397BCAEE}.Ad-Hoc|iPhoneSimulator.ActiveCfg = Release|Any CPU
		{AA245A4D-DDC2-4288-8694-3852397BCAEE}.Ad-Hoc|iPhoneSimulator.Build.0 = Release|Any CPU
		{AA245A4D-DDC2-4288-8694-3852397BCAEE}.AppStore|Any CPU.ActiveCfg = Release|Any CPU
		{AA245A4D-DDC2-4288-8694-3852397BCAEE}.AppStore|Any CPU.Build.0 = Release|Any CPU
		{AA245A4D-DDC2-4288-8694-3852397BCAEE}.AppStore|iPhone.ActiveCfg = Release|Any CPU
		{AA245A4D-DDC2-4288-8694-3852397BCAEE}.AppStore|iPhone.Build.0 = Release|Any CPU
		{AA245A4D-DDC2-4288-8694-3852397BCAEE}.AppStore|iPhoneSimulator.ActiveCfg = Release|Any CPU
		{AA245A4D-DDC2-4288-8694-3852397BCAEE}.AppStore|iPhoneSimulator.Build.0 = Release|Any CPU
		{AA245A4D-DDC2-4288-8694-3852397BCAEE}.Debug_Ubuntu|Any CPU.ActiveCfg = Debug|Any CPU
		{AA245A4D-DDC2-4288-8694-3852397BCAEE}.Debug_Ubuntu|Any CPU.Build.0 = Debug|Any CPU
		{AA245A4D-DDC2-4288-8694-3852397BCAEE}.Debug_Ubuntu|iPhone.ActiveCfg = Debug|Any CPU
		{AA245A4D-DDC2-4288-8694-3852397BCAEE}.Debug_Ubuntu|iPhone.Build.0 = Debug|Any CPU
		{AA245A4D-DDC2-4288-8694-3852397BCAEE}.Debug_Ubuntu|iPhoneSimulator.ActiveCfg = Debug|Any CPU
		{AA245A4D-DDC2-4288-8694-3852397BCAEE}.Debug_Ubuntu|iPhoneSimulator.Build.0 = Debug|Any CPU
		{AA245A4D-DDC2-4288-8694-3852397BCAEE}.Debug|Any CPU.ActiveCfg = Debug|Any CPU
		{AA245A4D-DDC2-4288-8694-3852397BCAEE}.Debug|Any CPU.Build.0 = Debug|Any CPU
		{AA245A4D-DDC2-4288-8694-3852397BCAEE}.Debug|iPhone.ActiveCfg = Debug|Any CPU
		{AA245A4D-DDC2-4288-8694-3852397BCAEE}.Debug|iPhone.Build.0 = Debug|Any CPU
		{AA245A4D-DDC2-4288-8694-3852397BCAEE}.Debug|iPhoneSimulator.ActiveCfg = Debug|Any CPU
		{AA245A4D-DDC2-4288-8694-3852397BCAEE}.Debug|iPhoneSimulator.Build.0 = Debug|Any CPU
		{AA245A4D-DDC2-4288-8694-3852397BCAEE}.Release_Ubuntu|Any CPU.ActiveCfg = Release|Any CPU
		{AA245A4D-DDC2-4288-8694-3852397BCAEE}.Release_Ubuntu|Any CPU.Build.0 = Release|Any CPU
		{AA245A4D-DDC2-4288-8694-3852397BCAEE}.Release_Ubuntu|iPhone.ActiveCfg = Release|Any CPU
		{AA245A4D-DDC2-4288-8694-3852397BCAEE}.Release_Ubuntu|iPhone.Build.0 = Release|Any CPU
		{AA245A4D-DDC2-4288-8694-3852397BCAEE}.Release_Ubuntu|iPhoneSimulator.ActiveCfg = Release|Any CPU
		{AA245A4D-DDC2-4288-8694-3852397BCAEE}.Release_Ubuntu|iPhoneSimulator.Build.0 = Release|Any CPU
		{AA245A4D-DDC2-4288-8694-3852397BCAEE}.Release|Any CPU.ActiveCfg = Release|Any CPU
		{AA245A4D-DDC2-4288-8694-3852397BCAEE}.Release|Any CPU.Build.0 = Release|Any CPU
		{AA245A4D-DDC2-4288-8694-3852397BCAEE}.Release|iPhone.ActiveCfg = Release|Any CPU
		{AA245A4D-DDC2-4288-8694-3852397BCAEE}.Release|iPhone.Build.0 = Release|Any CPU
		{AA245A4D-DDC2-4288-8694-3852397BCAEE}.Release|iPhoneSimulator.ActiveCfg = Release|Any CPU
		{AA245A4D-DDC2-4288-8694-3852397BCAEE}.Release|iPhoneSimulator.Build.0 = Release|Any CPU
		{E228DA7D-D268-4AD1-9C8D-A5A9BC28CBB0}.Ad-Hoc|Any CPU.ActiveCfg = Release|Any CPU
		{E228DA7D-D268-4AD1-9C8D-A5A9BC28CBB0}.Ad-Hoc|Any CPU.Build.0 = Release|Any CPU
		{E228DA7D-D268-4AD1-9C8D-A5A9BC28CBB0}.Ad-Hoc|iPhone.ActiveCfg = Release|Any CPU
		{E228DA7D-D268-4AD1-9C8D-A5A9BC28CBB0}.Ad-Hoc|iPhone.Build.0 = Release|Any CPU
		{E228DA7D-D268-4AD1-9C8D-A5A9BC28CBB0}.Ad-Hoc|iPhoneSimulator.ActiveCfg = Release|Any CPU
		{E228DA7D-D268-4AD1-9C8D-A5A9BC28CBB0}.Ad-Hoc|iPhoneSimulator.Build.0 = Release|Any CPU
		{E228DA7D-D268-4AD1-9C8D-A5A9BC28CBB0}.AppStore|Any CPU.ActiveCfg = Release|Any CPU
		{E228DA7D-D268-4AD1-9C8D-A5A9BC28CBB0}.AppStore|Any CPU.Build.0 = Release|Any CPU
		{E228DA7D-D268-4AD1-9C8D-A5A9BC28CBB0}.AppStore|iPhone.ActiveCfg = Release|Any CPU
		{E228DA7D-D268-4AD1-9C8D-A5A9BC28CBB0}.AppStore|iPhone.Build.0 = Release|Any CPU
		{E228DA7D-D268-4AD1-9C8D-A5A9BC28CBB0}.AppStore|iPhoneSimulator.ActiveCfg = Release|Any CPU
		{E228DA7D-D268-4AD1-9C8D-A5A9BC28CBB0}.AppStore|iPhoneSimulator.Build.0 = Release|Any CPU
		{E228DA7D-D268-4AD1-9C8D-A5A9BC28CBB0}.Debug_Ubuntu|Any CPU.ActiveCfg = Debug|Any CPU
		{E228DA7D-D268-4AD1-9C8D-A5A9BC28CBB0}.Debug_Ubuntu|Any CPU.Build.0 = Debug|Any CPU
		{E228DA7D-D268-4AD1-9C8D-A5A9BC28CBB0}.Debug_Ubuntu|iPhone.ActiveCfg = Debug|Any CPU
		{E228DA7D-D268-4AD1-9C8D-A5A9BC28CBB0}.Debug_Ubuntu|iPhone.Build.0 = Debug|Any CPU
		{E228DA7D-D268-4AD1-9C8D-A5A9BC28CBB0}.Debug_Ubuntu|iPhoneSimulator.ActiveCfg = Debug|Any CPU
		{E228DA7D-D268-4AD1-9C8D-A5A9BC28CBB0}.Debug_Ubuntu|iPhoneSimulator.Build.0 = Debug|Any CPU
		{E228DA7D-D268-4AD1-9C8D-A5A9BC28CBB0}.Debug|Any CPU.ActiveCfg = Debug|Any CPU
		{E228DA7D-D268-4AD1-9C8D-A5A9BC28CBB0}.Debug|Any CPU.Build.0 = Debug|Any CPU
		{E228DA7D-D268-4AD1-9C8D-A5A9BC28CBB0}.Debug|iPhone.ActiveCfg = Debug|Any CPU
		{E228DA7D-D268-4AD1-9C8D-A5A9BC28CBB0}.Debug|iPhone.Build.0 = Debug|Any CPU
		{E228DA7D-D268-4AD1-9C8D-A5A9BC28CBB0}.Debug|iPhoneSimulator.ActiveCfg = Debug|Any CPU
		{E228DA7D-D268-4AD1-9C8D-A5A9BC28CBB0}.Debug|iPhoneSimulator.Build.0 = Debug|Any CPU
		{E228DA7D-D268-4AD1-9C8D-A5A9BC28CBB0}.Release_Ubuntu|Any CPU.ActiveCfg = Release|Any CPU
		{E228DA7D-D268-4AD1-9C8D-A5A9BC28CBB0}.Release_Ubuntu|Any CPU.Build.0 = Release|Any CPU
		{E228DA7D-D268-4AD1-9C8D-A5A9BC28CBB0}.Release_Ubuntu|iPhone.ActiveCfg = Release|Any CPU
		{E228DA7D-D268-4AD1-9C8D-A5A9BC28CBB0}.Release_Ubuntu|iPhone.Build.0 = Release|Any CPU
		{E228DA7D-D268-4AD1-9C8D-A5A9BC28CBB0}.Release_Ubuntu|iPhoneSimulator.ActiveCfg = Release|Any CPU
		{E228DA7D-D268-4AD1-9C8D-A5A9BC28CBB0}.Release_Ubuntu|iPhoneSimulator.Build.0 = Release|Any CPU
		{E228DA7D-D268-4AD1-9C8D-A5A9BC28CBB0}.Release|Any CPU.ActiveCfg = Release|Any CPU
		{E228DA7D-D268-4AD1-9C8D-A5A9BC28CBB0}.Release|Any CPU.Build.0 = Release|Any CPU
		{E228DA7D-D268-4AD1-9C8D-A5A9BC28CBB0}.Release|iPhone.ActiveCfg = Release|Any CPU
		{E228DA7D-D268-4AD1-9C8D-A5A9BC28CBB0}.Release|iPhone.Build.0 = Release|Any CPU
		{E228DA7D-D268-4AD1-9C8D-A5A9BC28CBB0}.Release|iPhoneSimulator.ActiveCfg = Release|Any CPU
		{E228DA7D-D268-4AD1-9C8D-A5A9BC28CBB0}.Release|iPhoneSimulator.Build.0 = Release|Any CPU
		{F00088A4-AC91-4B9F-8349-970CA291869E}.Ad-Hoc|Any CPU.ActiveCfg = Release|Any CPU
		{F00088A4-AC91-4B9F-8349-970CA291869E}.Ad-Hoc|Any CPU.Build.0 = Release|Any CPU
		{F00088A4-AC91-4B9F-8349-970CA291869E}.Ad-Hoc|iPhone.ActiveCfg = Release|Any CPU
		{F00088A4-AC91-4B9F-8349-970CA291869E}.Ad-Hoc|iPhone.Build.0 = Release|Any CPU
		{F00088A4-AC91-4B9F-8349-970CA291869E}.Ad-Hoc|iPhoneSimulator.ActiveCfg = Release|Any CPU
		{F00088A4-AC91-4B9F-8349-970CA291869E}.Ad-Hoc|iPhoneSimulator.Build.0 = Release|Any CPU
		{F00088A4-AC91-4B9F-8349-970CA291869E}.AppStore|Any CPU.ActiveCfg = Release|Any CPU
		{F00088A4-AC91-4B9F-8349-970CA291869E}.AppStore|Any CPU.Build.0 = Release|Any CPU
		{F00088A4-AC91-4B9F-8349-970CA291869E}.AppStore|iPhone.ActiveCfg = Release|Any CPU
		{F00088A4-AC91-4B9F-8349-970CA291869E}.AppStore|iPhone.Build.0 = Release|Any CPU
		{F00088A4-AC91-4B9F-8349-970CA291869E}.AppStore|iPhoneSimulator.ActiveCfg = Release|Any CPU
		{F00088A4-AC91-4B9F-8349-970CA291869E}.AppStore|iPhoneSimulator.Build.0 = Release|Any CPU
		{F00088A4-AC91-4B9F-8349-970CA291869E}.Debug_Ubuntu|Any CPU.ActiveCfg = Debug|Any CPU
		{F00088A4-AC91-4B9F-8349-970CA291869E}.Debug_Ubuntu|Any CPU.Build.0 = Debug|Any CPU
		{F00088A4-AC91-4B9F-8349-970CA291869E}.Debug_Ubuntu|iPhone.ActiveCfg = Debug|Any CPU
		{F00088A4-AC91-4B9F-8349-970CA291869E}.Debug_Ubuntu|iPhone.Build.0 = Debug|Any CPU
		{F00088A4-AC91-4B9F-8349-970CA291869E}.Debug_Ubuntu|iPhoneSimulator.ActiveCfg = Debug|Any CPU
		{F00088A4-AC91-4B9F-8349-970CA291869E}.Debug_Ubuntu|iPhoneSimulator.Build.0 = Debug|Any CPU
		{F00088A4-AC91-4B9F-8349-970CA291869E}.Debug|Any CPU.ActiveCfg = Debug|Any CPU
		{F00088A4-AC91-4B9F-8349-970CA291869E}.Debug|iPhone.ActiveCfg = Debug|Any CPU
		{F00088A4-AC91-4B9F-8349-970CA291869E}.Debug|iPhone.Build.0 = Debug|Any CPU
		{F00088A4-AC91-4B9F-8349-970CA291869E}.Debug|iPhoneSimulator.ActiveCfg = Debug|Any CPU
		{F00088A4-AC91-4B9F-8349-970CA291869E}.Debug|iPhoneSimulator.Build.0 = Debug|Any CPU
		{F00088A4-AC91-4B9F-8349-970CA291869E}.Release_Ubuntu|Any CPU.ActiveCfg = Release|Any CPU
		{F00088A4-AC91-4B9F-8349-970CA291869E}.Release_Ubuntu|Any CPU.Build.0 = Release|Any CPU
		{F00088A4-AC91-4B9F-8349-970CA291869E}.Release_Ubuntu|iPhone.ActiveCfg = Release|Any CPU
		{F00088A4-AC91-4B9F-8349-970CA291869E}.Release_Ubuntu|iPhone.Build.0 = Release|Any CPU
		{F00088A4-AC91-4B9F-8349-970CA291869E}.Release_Ubuntu|iPhoneSimulator.ActiveCfg = Release|Any CPU
		{F00088A4-AC91-4B9F-8349-970CA291869E}.Release_Ubuntu|iPhoneSimulator.Build.0 = Release|Any CPU
		{F00088A4-AC91-4B9F-8349-970CA291869E}.Release|Any CPU.ActiveCfg = Release|Any CPU
		{F00088A4-AC91-4B9F-8349-970CA291869E}.Release|Any CPU.Build.0 = Release|Any CPU
		{F00088A4-AC91-4B9F-8349-970CA291869E}.Release|iPhone.ActiveCfg = Release|Any CPU
		{F00088A4-AC91-4B9F-8349-970CA291869E}.Release|iPhone.Build.0 = Release|Any CPU
		{F00088A4-AC91-4B9F-8349-970CA291869E}.Release|iPhoneSimulator.ActiveCfg = Release|Any CPU
		{F00088A4-AC91-4B9F-8349-970CA291869E}.Release|iPhoneSimulator.Build.0 = Release|Any CPU
		{B357BAC7-529E-4D81-A0D2-71041B19C8DE}.Ad-Hoc|Any CPU.ActiveCfg = Release|Any CPU
		{B357BAC7-529E-4D81-A0D2-71041B19C8DE}.Ad-Hoc|Any CPU.Build.0 = Release|Any CPU
		{B357BAC7-529E-4D81-A0D2-71041B19C8DE}.Ad-Hoc|iPhone.ActiveCfg = Release|Any CPU
		{B357BAC7-529E-4D81-A0D2-71041B19C8DE}.Ad-Hoc|iPhone.Build.0 = Release|Any CPU
		{B357BAC7-529E-4D81-A0D2-71041B19C8DE}.Ad-Hoc|iPhoneSimulator.ActiveCfg = Release|Any CPU
		{B357BAC7-529E-4D81-A0D2-71041B19C8DE}.Ad-Hoc|iPhoneSimulator.Build.0 = Release|Any CPU
		{B357BAC7-529E-4D81-A0D2-71041B19C8DE}.AppStore|Any CPU.ActiveCfg = Release|Any CPU
		{B357BAC7-529E-4D81-A0D2-71041B19C8DE}.AppStore|Any CPU.Build.0 = Release|Any CPU
		{B357BAC7-529E-4D81-A0D2-71041B19C8DE}.AppStore|iPhone.ActiveCfg = Release|Any CPU
		{B357BAC7-529E-4D81-A0D2-71041B19C8DE}.AppStore|iPhone.Build.0 = Release|Any CPU
		{B357BAC7-529E-4D81-A0D2-71041B19C8DE}.AppStore|iPhoneSimulator.ActiveCfg = Release|Any CPU
		{B357BAC7-529E-4D81-A0D2-71041B19C8DE}.AppStore|iPhoneSimulator.Build.0 = Release|Any CPU
		{B357BAC7-529E-4D81-A0D2-71041B19C8DE}.Debug_Ubuntu|Any CPU.ActiveCfg = Debug_Ubuntu|Any CPU
		{B357BAC7-529E-4D81-A0D2-71041B19C8DE}.Debug_Ubuntu|Any CPU.Build.0 = Debug_Ubuntu|Any CPU
		{B357BAC7-529E-4D81-A0D2-71041B19C8DE}.Debug_Ubuntu|iPhone.ActiveCfg = Debug_Ubuntu|Any CPU
		{B357BAC7-529E-4D81-A0D2-71041B19C8DE}.Debug_Ubuntu|iPhone.Build.0 = Debug_Ubuntu|Any CPU
		{B357BAC7-529E-4D81-A0D2-71041B19C8DE}.Debug_Ubuntu|iPhoneSimulator.ActiveCfg = Debug_Ubuntu|Any CPU
		{B357BAC7-529E-4D81-A0D2-71041B19C8DE}.Debug_Ubuntu|iPhoneSimulator.Build.0 = Debug_Ubuntu|Any CPU
		{B357BAC7-529E-4D81-A0D2-71041B19C8DE}.Debug|Any CPU.ActiveCfg = Debug|Any CPU
		{B357BAC7-529E-4D81-A0D2-71041B19C8DE}.Debug|iPhone.ActiveCfg = Debug|Any CPU
		{B357BAC7-529E-4D81-A0D2-71041B19C8DE}.Debug|iPhone.Build.0 = Debug|Any CPU
		{B357BAC7-529E-4D81-A0D2-71041B19C8DE}.Debug|iPhoneSimulator.ActiveCfg = Debug|Any CPU
		{B357BAC7-529E-4D81-A0D2-71041B19C8DE}.Debug|iPhoneSimulator.Build.0 = Debug|Any CPU
		{B357BAC7-529E-4D81-A0D2-71041B19C8DE}.Release_Ubuntu|Any CPU.ActiveCfg = Release_Ubuntu|Any CPU
		{B357BAC7-529E-4D81-A0D2-71041B19C8DE}.Release_Ubuntu|Any CPU.Build.0 = Release_Ubuntu|Any CPU
		{B357BAC7-529E-4D81-A0D2-71041B19C8DE}.Release_Ubuntu|iPhone.ActiveCfg = Release_Ubuntu|Any CPU
		{B357BAC7-529E-4D81-A0D2-71041B19C8DE}.Release_Ubuntu|iPhone.Build.0 = Release_Ubuntu|Any CPU
		{B357BAC7-529E-4D81-A0D2-71041B19C8DE}.Release_Ubuntu|iPhoneSimulator.ActiveCfg = Release_Ubuntu|Any CPU
		{B357BAC7-529E-4D81-A0D2-71041B19C8DE}.Release_Ubuntu|iPhoneSimulator.Build.0 = Release_Ubuntu|Any CPU
		{B357BAC7-529E-4D81-A0D2-71041B19C8DE}.Release|Any CPU.ActiveCfg = Release|Any CPU
		{B357BAC7-529E-4D81-A0D2-71041B19C8DE}.Release|iPhone.ActiveCfg = Release|Any CPU
		{B357BAC7-529E-4D81-A0D2-71041B19C8DE}.Release|iPhone.Build.0 = Release|Any CPU
		{B357BAC7-529E-4D81-A0D2-71041B19C8DE}.Release|iPhoneSimulator.ActiveCfg = Release|Any CPU
		{B357BAC7-529E-4D81-A0D2-71041B19C8DE}.Release|iPhoneSimulator.Build.0 = Release|Any CPU
		{2C7F20FF-A425-4F2C-B252-D24C3B65032B}.Ad-Hoc|Any CPU.ActiveCfg = Release|Any CPU
		{2C7F20FF-A425-4F2C-B252-D24C3B65032B}.Ad-Hoc|Any CPU.Build.0 = Release|Any CPU
		{2C7F20FF-A425-4F2C-B252-D24C3B65032B}.Ad-Hoc|iPhone.ActiveCfg = Release|Any CPU
		{2C7F20FF-A425-4F2C-B252-D24C3B65032B}.Ad-Hoc|iPhone.Build.0 = Release|Any CPU
		{2C7F20FF-A425-4F2C-B252-D24C3B65032B}.Ad-Hoc|iPhoneSimulator.ActiveCfg = Release|Any CPU
		{2C7F20FF-A425-4F2C-B252-D24C3B65032B}.Ad-Hoc|iPhoneSimulator.Build.0 = Release|Any CPU
		{2C7F20FF-A425-4F2C-B252-D24C3B65032B}.AppStore|Any CPU.ActiveCfg = Release|Any CPU
		{2C7F20FF-A425-4F2C-B252-D24C3B65032B}.AppStore|Any CPU.Build.0 = Release|Any CPU
		{2C7F20FF-A425-4F2C-B252-D24C3B65032B}.AppStore|iPhone.ActiveCfg = Release|Any CPU
		{2C7F20FF-A425-4F2C-B252-D24C3B65032B}.AppStore|iPhone.Build.0 = Release|Any CPU
		{2C7F20FF-A425-4F2C-B252-D24C3B65032B}.AppStore|iPhoneSimulator.ActiveCfg = Release|Any CPU
		{2C7F20FF-A425-4F2C-B252-D24C3B65032B}.AppStore|iPhoneSimulator.Build.0 = Release|Any CPU
		{2C7F20FF-A425-4F2C-B252-D24C3B65032B}.Debug_Ubuntu|Any CPU.ActiveCfg = Debug|Any CPU
		{2C7F20FF-A425-4F2C-B252-D24C3B65032B}.Debug_Ubuntu|Any CPU.Build.0 = Debug|Any CPU
		{2C7F20FF-A425-4F2C-B252-D24C3B65032B}.Debug_Ubuntu|iPhone.ActiveCfg = Debug|Any CPU
		{2C7F20FF-A425-4F2C-B252-D24C3B65032B}.Debug_Ubuntu|iPhone.Build.0 = Debug|Any CPU
		{2C7F20FF-A425-4F2C-B252-D24C3B65032B}.Debug_Ubuntu|iPhoneSimulator.ActiveCfg = Debug|Any CPU
		{2C7F20FF-A425-4F2C-B252-D24C3B65032B}.Debug_Ubuntu|iPhoneSimulator.Build.0 = Debug|Any CPU
		{2C7F20FF-A425-4F2C-B252-D24C3B65032B}.Debug|Any CPU.ActiveCfg = Debug|Any CPU
		{2C7F20FF-A425-4F2C-B252-D24C3B65032B}.Debug|Any CPU.Build.0 = Debug|Any CPU
		{2C7F20FF-A425-4F2C-B252-D24C3B65032B}.Debug|iPhone.ActiveCfg = Debug|Any CPU
		{2C7F20FF-A425-4F2C-B252-D24C3B65032B}.Debug|iPhone.Build.0 = Debug|Any CPU
		{2C7F20FF-A425-4F2C-B252-D24C3B65032B}.Debug|iPhoneSimulator.ActiveCfg = Debug|Any CPU
		{2C7F20FF-A425-4F2C-B252-D24C3B65032B}.Debug|iPhoneSimulator.Build.0 = Debug|Any CPU
		{2C7F20FF-A425-4F2C-B252-D24C3B65032B}.Release_Ubuntu|Any CPU.ActiveCfg = Release|Any CPU
		{2C7F20FF-A425-4F2C-B252-D24C3B65032B}.Release_Ubuntu|Any CPU.Build.0 = Release|Any CPU
		{2C7F20FF-A425-4F2C-B252-D24C3B65032B}.Release_Ubuntu|iPhone.ActiveCfg = Release|Any CPU
		{2C7F20FF-A425-4F2C-B252-D24C3B65032B}.Release_Ubuntu|iPhone.Build.0 = Release|Any CPU
		{2C7F20FF-A425-4F2C-B252-D24C3B65032B}.Release_Ubuntu|iPhoneSimulator.ActiveCfg = Release|Any CPU
		{2C7F20FF-A425-4F2C-B252-D24C3B65032B}.Release_Ubuntu|iPhoneSimulator.Build.0 = Release|Any CPU
		{2C7F20FF-A425-4F2C-B252-D24C3B65032B}.Release|Any CPU.ActiveCfg = Release|Any CPU
		{2C7F20FF-A425-4F2C-B252-D24C3B65032B}.Release|Any CPU.Build.0 = Release|Any CPU
		{2C7F20FF-A425-4F2C-B252-D24C3B65032B}.Release|iPhone.ActiveCfg = Release|Any CPU
		{2C7F20FF-A425-4F2C-B252-D24C3B65032B}.Release|iPhone.Build.0 = Release|Any CPU
		{2C7F20FF-A425-4F2C-B252-D24C3B65032B}.Release|iPhoneSimulator.ActiveCfg = Release|Any CPU
		{2C7F20FF-A425-4F2C-B252-D24C3B65032B}.Release|iPhoneSimulator.Build.0 = Release|Any CPU
		{9364C91C-B3AF-45C8-B7C6-F64C8B1902D7}.Ad-Hoc|Any CPU.ActiveCfg = Release|Any CPU
		{9364C91C-B3AF-45C8-B7C6-F64C8B1902D7}.Ad-Hoc|Any CPU.Build.0 = Release|Any CPU
		{9364C91C-B3AF-45C8-B7C6-F64C8B1902D7}.Ad-Hoc|iPhone.ActiveCfg = Release|Any CPU
		{9364C91C-B3AF-45C8-B7C6-F64C8B1902D7}.Ad-Hoc|iPhone.Build.0 = Release|Any CPU
		{9364C91C-B3AF-45C8-B7C6-F64C8B1902D7}.Ad-Hoc|iPhoneSimulator.ActiveCfg = Release|Any CPU
		{9364C91C-B3AF-45C8-B7C6-F64C8B1902D7}.Ad-Hoc|iPhoneSimulator.Build.0 = Release|Any CPU
		{9364C91C-B3AF-45C8-B7C6-F64C8B1902D7}.AppStore|Any CPU.ActiveCfg = Release|Any CPU
		{9364C91C-B3AF-45C8-B7C6-F64C8B1902D7}.AppStore|Any CPU.Build.0 = Release|Any CPU
		{9364C91C-B3AF-45C8-B7C6-F64C8B1902D7}.AppStore|iPhone.ActiveCfg = Release|Any CPU
		{9364C91C-B3AF-45C8-B7C6-F64C8B1902D7}.AppStore|iPhone.Build.0 = Release|Any CPU
		{9364C91C-B3AF-45C8-B7C6-F64C8B1902D7}.AppStore|iPhoneSimulator.ActiveCfg = Release|Any CPU
		{9364C91C-B3AF-45C8-B7C6-F64C8B1902D7}.AppStore|iPhoneSimulator.Build.0 = Release|Any CPU
		{9364C91C-B3AF-45C8-B7C6-F64C8B1902D7}.Debug_Ubuntu|Any CPU.ActiveCfg = Debug|Any CPU
		{9364C91C-B3AF-45C8-B7C6-F64C8B1902D7}.Debug_Ubuntu|Any CPU.Build.0 = Debug|Any CPU
		{9364C91C-B3AF-45C8-B7C6-F64C8B1902D7}.Debug_Ubuntu|iPhone.ActiveCfg = Debug|Any CPU
		{9364C91C-B3AF-45C8-B7C6-F64C8B1902D7}.Debug_Ubuntu|iPhone.Build.0 = Debug|Any CPU
		{9364C91C-B3AF-45C8-B7C6-F64C8B1902D7}.Debug_Ubuntu|iPhoneSimulator.ActiveCfg = Debug|Any CPU
		{9364C91C-B3AF-45C8-B7C6-F64C8B1902D7}.Debug_Ubuntu|iPhoneSimulator.Build.0 = Debug|Any CPU
		{9364C91C-B3AF-45C8-B7C6-F64C8B1902D7}.Debug|Any CPU.ActiveCfg = Debug|Any CPU
		{9364C91C-B3AF-45C8-B7C6-F64C8B1902D7}.Debug|Any CPU.Build.0 = Debug|Any CPU
		{9364C91C-B3AF-45C8-B7C6-F64C8B1902D7}.Debug|iPhone.ActiveCfg = Debug|Any CPU
		{9364C91C-B3AF-45C8-B7C6-F64C8B1902D7}.Debug|iPhone.Build.0 = Debug|Any CPU
		{9364C91C-B3AF-45C8-B7C6-F64C8B1902D7}.Debug|iPhoneSimulator.ActiveCfg = Debug|Any CPU
		{9364C91C-B3AF-45C8-B7C6-F64C8B1902D7}.Debug|iPhoneSimulator.Build.0 = Debug|Any CPU
		{9364C91C-B3AF-45C8-B7C6-F64C8B1902D7}.Release_Ubuntu|Any CPU.ActiveCfg = Release|Any CPU
		{9364C91C-B3AF-45C8-B7C6-F64C8B1902D7}.Release_Ubuntu|Any CPU.Build.0 = Release|Any CPU
		{9364C91C-B3AF-45C8-B7C6-F64C8B1902D7}.Release_Ubuntu|iPhone.ActiveCfg = Release|Any CPU
		{9364C91C-B3AF-45C8-B7C6-F64C8B1902D7}.Release_Ubuntu|iPhone.Build.0 = Release|Any CPU
		{9364C91C-B3AF-45C8-B7C6-F64C8B1902D7}.Release_Ubuntu|iPhoneSimulator.ActiveCfg = Release|Any CPU
		{9364C91C-B3AF-45C8-B7C6-F64C8B1902D7}.Release_Ubuntu|iPhoneSimulator.Build.0 = Release|Any CPU
		{9364C91C-B3AF-45C8-B7C6-F64C8B1902D7}.Release|Any CPU.ActiveCfg = Release|Any CPU
		{9364C91C-B3AF-45C8-B7C6-F64C8B1902D7}.Release|Any CPU.Build.0 = Release|Any CPU
		{9364C91C-B3AF-45C8-B7C6-F64C8B1902D7}.Release|iPhone.ActiveCfg = Release|Any CPU
		{9364C91C-B3AF-45C8-B7C6-F64C8B1902D7}.Release|iPhone.Build.0 = Release|Any CPU
		{9364C91C-B3AF-45C8-B7C6-F64C8B1902D7}.Release|iPhoneSimulator.ActiveCfg = Release|Any CPU
		{9364C91C-B3AF-45C8-B7C6-F64C8B1902D7}.Release|iPhoneSimulator.Build.0 = Release|Any CPU
		{C936B313-8ADC-411D-8581-04C4E62DAC1C}.Ad-Hoc|Any CPU.ActiveCfg = Release|Any CPU
		{C936B313-8ADC-411D-8581-04C4E62DAC1C}.Ad-Hoc|Any CPU.Build.0 = Release|Any CPU
		{C936B313-8ADC-411D-8581-04C4E62DAC1C}.Ad-Hoc|iPhone.ActiveCfg = Release|Any CPU
		{C936B313-8ADC-411D-8581-04C4E62DAC1C}.Ad-Hoc|iPhone.Build.0 = Release|Any CPU
		{C936B313-8ADC-411D-8581-04C4E62DAC1C}.Ad-Hoc|iPhoneSimulator.ActiveCfg = Release|Any CPU
		{C936B313-8ADC-411D-8581-04C4E62DAC1C}.Ad-Hoc|iPhoneSimulator.Build.0 = Release|Any CPU
		{C936B313-8ADC-411D-8581-04C4E62DAC1C}.AppStore|Any CPU.ActiveCfg = Release|Any CPU
		{C936B313-8ADC-411D-8581-04C4E62DAC1C}.AppStore|Any CPU.Build.0 = Release|Any CPU
		{C936B313-8ADC-411D-8581-04C4E62DAC1C}.AppStore|iPhone.ActiveCfg = Release|Any CPU
		{C936B313-8ADC-411D-8581-04C4E62DAC1C}.AppStore|iPhone.Build.0 = Release|Any CPU
		{C936B313-8ADC-411D-8581-04C4E62DAC1C}.AppStore|iPhoneSimulator.ActiveCfg = Release|Any CPU
		{C936B313-8ADC-411D-8581-04C4E62DAC1C}.AppStore|iPhoneSimulator.Build.0 = Release|Any CPU
		{C936B313-8ADC-411D-8581-04C4E62DAC1C}.Debug_Ubuntu|Any CPU.ActiveCfg = Debug|Any CPU
		{C936B313-8ADC-411D-8581-04C4E62DAC1C}.Debug_Ubuntu|Any CPU.Build.0 = Debug|Any CPU
		{C936B313-8ADC-411D-8581-04C4E62DAC1C}.Debug_Ubuntu|iPhone.ActiveCfg = Debug|Any CPU
		{C936B313-8ADC-411D-8581-04C4E62DAC1C}.Debug_Ubuntu|iPhone.Build.0 = Debug|Any CPU
		{C936B313-8ADC-411D-8581-04C4E62DAC1C}.Debug_Ubuntu|iPhoneSimulator.ActiveCfg = Debug|Any CPU
		{C936B313-8ADC-411D-8581-04C4E62DAC1C}.Debug_Ubuntu|iPhoneSimulator.Build.0 = Debug|Any CPU
		{C936B313-8ADC-411D-8581-04C4E62DAC1C}.Debug|Any CPU.ActiveCfg = Debug|Any CPU
		{C936B313-8ADC-411D-8581-04C4E62DAC1C}.Debug|Any CPU.Build.0 = Debug|Any CPU
		{C936B313-8ADC-411D-8581-04C4E62DAC1C}.Debug|iPhone.ActiveCfg = Debug|Any CPU
		{C936B313-8ADC-411D-8581-04C4E62DAC1C}.Debug|iPhone.Build.0 = Debug|Any CPU
		{C936B313-8ADC-411D-8581-04C4E62DAC1C}.Debug|iPhoneSimulator.ActiveCfg = Debug|Any CPU
		{C936B313-8ADC-411D-8581-04C4E62DAC1C}.Debug|iPhoneSimulator.Build.0 = Debug|Any CPU
		{C936B313-8ADC-411D-8581-04C4E62DAC1C}.Release_Ubuntu|Any CPU.ActiveCfg = Release|Any CPU
		{C936B313-8ADC-411D-8581-04C4E62DAC1C}.Release_Ubuntu|Any CPU.Build.0 = Release|Any CPU
		{C936B313-8ADC-411D-8581-04C4E62DAC1C}.Release_Ubuntu|iPhone.ActiveCfg = Release|Any CPU
		{C936B313-8ADC-411D-8581-04C4E62DAC1C}.Release_Ubuntu|iPhone.Build.0 = Release|Any CPU
		{C936B313-8ADC-411D-8581-04C4E62DAC1C}.Release_Ubuntu|iPhoneSimulator.ActiveCfg = Release|Any CPU
		{C936B313-8ADC-411D-8581-04C4E62DAC1C}.Release_Ubuntu|iPhoneSimulator.Build.0 = Release|Any CPU
		{C936B313-8ADC-411D-8581-04C4E62DAC1C}.Release|Any CPU.ActiveCfg = Release|Any CPU
		{C936B313-8ADC-411D-8581-04C4E62DAC1C}.Release|Any CPU.Build.0 = Release|Any CPU
		{C936B313-8ADC-411D-8581-04C4E62DAC1C}.Release|iPhone.ActiveCfg = Release|Any CPU
		{C936B313-8ADC-411D-8581-04C4E62DAC1C}.Release|iPhone.Build.0 = Release|Any CPU
		{C936B313-8ADC-411D-8581-04C4E62DAC1C}.Release|iPhoneSimulator.ActiveCfg = Release|Any CPU
		{C936B313-8ADC-411D-8581-04C4E62DAC1C}.Release|iPhoneSimulator.Build.0 = Release|Any CPU
		{4357321D-2978-46D2-96D9-C225A7C59D86}.Ad-Hoc|Any CPU.ActiveCfg = Release|Any CPU
		{4357321D-2978-46D2-96D9-C225A7C59D86}.Ad-Hoc|Any CPU.Build.0 = Release|Any CPU
		{4357321D-2978-46D2-96D9-C225A7C59D86}.Ad-Hoc|iPhone.ActiveCfg = Release|Any CPU
		{4357321D-2978-46D2-96D9-C225A7C59D86}.Ad-Hoc|iPhone.Build.0 = Release|Any CPU
		{4357321D-2978-46D2-96D9-C225A7C59D86}.Ad-Hoc|iPhoneSimulator.ActiveCfg = Release|Any CPU
		{4357321D-2978-46D2-96D9-C225A7C59D86}.Ad-Hoc|iPhoneSimulator.Build.0 = Release|Any CPU
		{4357321D-2978-46D2-96D9-C225A7C59D86}.AppStore|Any CPU.ActiveCfg = Release|Any CPU
		{4357321D-2978-46D2-96D9-C225A7C59D86}.AppStore|Any CPU.Build.0 = Release|Any CPU
		{4357321D-2978-46D2-96D9-C225A7C59D86}.AppStore|iPhone.ActiveCfg = Release|Any CPU
		{4357321D-2978-46D2-96D9-C225A7C59D86}.AppStore|iPhone.Build.0 = Release|Any CPU
		{4357321D-2978-46D2-96D9-C225A7C59D86}.AppStore|iPhoneSimulator.ActiveCfg = Release|Any CPU
		{4357321D-2978-46D2-96D9-C225A7C59D86}.AppStore|iPhoneSimulator.Build.0 = Release|Any CPU
		{4357321D-2978-46D2-96D9-C225A7C59D86}.Debug_Ubuntu|Any CPU.ActiveCfg = Debug|Any CPU
		{4357321D-2978-46D2-96D9-C225A7C59D86}.Debug_Ubuntu|Any CPU.Build.0 = Debug|Any CPU
		{4357321D-2978-46D2-96D9-C225A7C59D86}.Debug_Ubuntu|iPhone.ActiveCfg = Debug|Any CPU
		{4357321D-2978-46D2-96D9-C225A7C59D86}.Debug_Ubuntu|iPhone.Build.0 = Debug|Any CPU
		{4357321D-2978-46D2-96D9-C225A7C59D86}.Debug_Ubuntu|iPhoneSimulator.ActiveCfg = Debug|Any CPU
		{4357321D-2978-46D2-96D9-C225A7C59D86}.Debug_Ubuntu|iPhoneSimulator.Build.0 = Debug|Any CPU
		{4357321D-2978-46D2-96D9-C225A7C59D86}.Debug|Any CPU.ActiveCfg = Debug|Any CPU
		{4357321D-2978-46D2-96D9-C225A7C59D86}.Debug|Any CPU.Build.0 = Debug|Any CPU
		{4357321D-2978-46D2-96D9-C225A7C59D86}.Debug|iPhone.ActiveCfg = Debug|Any CPU
		{4357321D-2978-46D2-96D9-C225A7C59D86}.Debug|iPhone.Build.0 = Debug|Any CPU
		{4357321D-2978-46D2-96D9-C225A7C59D86}.Debug|iPhoneSimulator.ActiveCfg = Debug|Any CPU
		{4357321D-2978-46D2-96D9-C225A7C59D86}.Debug|iPhoneSimulator.Build.0 = Debug|Any CPU
		{4357321D-2978-46D2-96D9-C225A7C59D86}.Release_Ubuntu|Any CPU.ActiveCfg = Release|Any CPU
		{4357321D-2978-46D2-96D9-C225A7C59D86}.Release_Ubuntu|Any CPU.Build.0 = Release|Any CPU
		{4357321D-2978-46D2-96D9-C225A7C59D86}.Release_Ubuntu|iPhone.ActiveCfg = Release|Any CPU
		{4357321D-2978-46D2-96D9-C225A7C59D86}.Release_Ubuntu|iPhone.Build.0 = Release|Any CPU
		{4357321D-2978-46D2-96D9-C225A7C59D86}.Release_Ubuntu|iPhoneSimulator.ActiveCfg = Release|Any CPU
		{4357321D-2978-46D2-96D9-C225A7C59D86}.Release_Ubuntu|iPhoneSimulator.Build.0 = Release|Any CPU
		{4357321D-2978-46D2-96D9-C225A7C59D86}.Release|Any CPU.ActiveCfg = Release|Any CPU
		{4357321D-2978-46D2-96D9-C225A7C59D86}.Release|Any CPU.Build.0 = Release|Any CPU
		{4357321D-2978-46D2-96D9-C225A7C59D86}.Release|iPhone.ActiveCfg = Release|Any CPU
		{4357321D-2978-46D2-96D9-C225A7C59D86}.Release|iPhone.Build.0 = Release|Any CPU
		{4357321D-2978-46D2-96D9-C225A7C59D86}.Release|iPhoneSimulator.ActiveCfg = Release|Any CPU
		{4357321D-2978-46D2-96D9-C225A7C59D86}.Release|iPhoneSimulator.Build.0 = Release|Any CPU
		{9106414D-3319-41B8-ABF5-C366B3652E90}.Ad-Hoc|Any CPU.ActiveCfg = Release|Any CPU
		{9106414D-3319-41B8-ABF5-C366B3652E90}.Ad-Hoc|Any CPU.Build.0 = Release|Any CPU
		{9106414D-3319-41B8-ABF5-C366B3652E90}.Ad-Hoc|iPhone.ActiveCfg = Release|Any CPU
		{9106414D-3319-41B8-ABF5-C366B3652E90}.Ad-Hoc|iPhone.Build.0 = Release|Any CPU
		{9106414D-3319-41B8-ABF5-C366B3652E90}.Ad-Hoc|iPhoneSimulator.ActiveCfg = Release|Any CPU
		{9106414D-3319-41B8-ABF5-C366B3652E90}.Ad-Hoc|iPhoneSimulator.Build.0 = Release|Any CPU
		{9106414D-3319-41B8-ABF5-C366B3652E90}.AppStore|Any CPU.ActiveCfg = Release|Any CPU
		{9106414D-3319-41B8-ABF5-C366B3652E90}.AppStore|Any CPU.Build.0 = Release|Any CPU
		{9106414D-3319-41B8-ABF5-C366B3652E90}.AppStore|iPhone.ActiveCfg = Release|Any CPU
		{9106414D-3319-41B8-ABF5-C366B3652E90}.AppStore|iPhone.Build.0 = Release|Any CPU
		{9106414D-3319-41B8-ABF5-C366B3652E90}.AppStore|iPhoneSimulator.ActiveCfg = Release|Any CPU
		{9106414D-3319-41B8-ABF5-C366B3652E90}.AppStore|iPhoneSimulator.Build.0 = Release|Any CPU
		{9106414D-3319-41B8-ABF5-C366B3652E90}.Debug_Ubuntu|Any CPU.ActiveCfg = Debug|Any CPU
		{9106414D-3319-41B8-ABF5-C366B3652E90}.Debug_Ubuntu|Any CPU.Build.0 = Debug|Any CPU
		{9106414D-3319-41B8-ABF5-C366B3652E90}.Debug_Ubuntu|iPhone.ActiveCfg = Debug|Any CPU
		{9106414D-3319-41B8-ABF5-C366B3652E90}.Debug_Ubuntu|iPhone.Build.0 = Debug|Any CPU
		{9106414D-3319-41B8-ABF5-C366B3652E90}.Debug_Ubuntu|iPhoneSimulator.ActiveCfg = Debug|Any CPU
		{9106414D-3319-41B8-ABF5-C366B3652E90}.Debug_Ubuntu|iPhoneSimulator.Build.0 = Debug|Any CPU
		{9106414D-3319-41B8-ABF5-C366B3652E90}.Debug|Any CPU.ActiveCfg = Debug|Any CPU
		{9106414D-3319-41B8-ABF5-C366B3652E90}.Debug|Any CPU.Build.0 = Debug|Any CPU
		{9106414D-3319-41B8-ABF5-C366B3652E90}.Debug|iPhone.ActiveCfg = Debug|Any CPU
		{9106414D-3319-41B8-ABF5-C366B3652E90}.Debug|iPhone.Build.0 = Debug|Any CPU
		{9106414D-3319-41B8-ABF5-C366B3652E90}.Debug|iPhoneSimulator.ActiveCfg = Debug|Any CPU
		{9106414D-3319-41B8-ABF5-C366B3652E90}.Debug|iPhoneSimulator.Build.0 = Debug|Any CPU
		{9106414D-3319-41B8-ABF5-C366B3652E90}.Release_Ubuntu|Any CPU.ActiveCfg = Release|Any CPU
		{9106414D-3319-41B8-ABF5-C366B3652E90}.Release_Ubuntu|Any CPU.Build.0 = Release|Any CPU
		{9106414D-3319-41B8-ABF5-C366B3652E90}.Release_Ubuntu|iPhone.ActiveCfg = Release|Any CPU
		{9106414D-3319-41B8-ABF5-C366B3652E90}.Release_Ubuntu|iPhone.Build.0 = Release|Any CPU
		{9106414D-3319-41B8-ABF5-C366B3652E90}.Release_Ubuntu|iPhoneSimulator.ActiveCfg = Release|Any CPU
		{9106414D-3319-41B8-ABF5-C366B3652E90}.Release_Ubuntu|iPhoneSimulator.Build.0 = Release|Any CPU
		{9106414D-3319-41B8-ABF5-C366B3652E90}.Release|Any CPU.ActiveCfg = Release|Any CPU
		{9106414D-3319-41B8-ABF5-C366B3652E90}.Release|Any CPU.Build.0 = Release|Any CPU
		{9106414D-3319-41B8-ABF5-C366B3652E90}.Release|iPhone.ActiveCfg = Release|Any CPU
		{9106414D-3319-41B8-ABF5-C366B3652E90}.Release|iPhone.Build.0 = Release|Any CPU
		{9106414D-3319-41B8-ABF5-C366B3652E90}.Release|iPhoneSimulator.ActiveCfg = Release|Any CPU
		{9106414D-3319-41B8-ABF5-C366B3652E90}.Release|iPhoneSimulator.Build.0 = Release|Any CPU
		{4393E500-73AD-49F1-BF28-145BE765C735}.Ad-Hoc|Any CPU.ActiveCfg = Release|Any CPU
		{4393E500-73AD-49F1-BF28-145BE765C735}.Ad-Hoc|Any CPU.Build.0 = Release|Any CPU
		{4393E500-73AD-49F1-BF28-145BE765C735}.Ad-Hoc|Any CPU.Deploy.0 = Release|Any CPU
		{4393E500-73AD-49F1-BF28-145BE765C735}.Ad-Hoc|iPhone.ActiveCfg = Release|Any CPU
		{4393E500-73AD-49F1-BF28-145BE765C735}.Ad-Hoc|iPhone.Build.0 = Release|Any CPU
		{4393E500-73AD-49F1-BF28-145BE765C735}.Ad-Hoc|iPhone.Deploy.0 = Release|Any CPU
		{4393E500-73AD-49F1-BF28-145BE765C735}.Ad-Hoc|iPhoneSimulator.ActiveCfg = Release|Any CPU
		{4393E500-73AD-49F1-BF28-145BE765C735}.Ad-Hoc|iPhoneSimulator.Build.0 = Release|Any CPU
		{4393E500-73AD-49F1-BF28-145BE765C735}.Ad-Hoc|iPhoneSimulator.Deploy.0 = Release|Any CPU
		{4393E500-73AD-49F1-BF28-145BE765C735}.AppStore|Any CPU.ActiveCfg = Release|Any CPU
		{4393E500-73AD-49F1-BF28-145BE765C735}.AppStore|Any CPU.Build.0 = Release|Any CPU
		{4393E500-73AD-49F1-BF28-145BE765C735}.AppStore|Any CPU.Deploy.0 = Release|Any CPU
		{4393E500-73AD-49F1-BF28-145BE765C735}.AppStore|iPhone.ActiveCfg = Release|Any CPU
		{4393E500-73AD-49F1-BF28-145BE765C735}.AppStore|iPhone.Build.0 = Release|Any CPU
		{4393E500-73AD-49F1-BF28-145BE765C735}.AppStore|iPhone.Deploy.0 = Release|Any CPU
		{4393E500-73AD-49F1-BF28-145BE765C735}.AppStore|iPhoneSimulator.ActiveCfg = Release|Any CPU
		{4393E500-73AD-49F1-BF28-145BE765C735}.AppStore|iPhoneSimulator.Build.0 = Release|Any CPU
		{4393E500-73AD-49F1-BF28-145BE765C735}.AppStore|iPhoneSimulator.Deploy.0 = Release|Any CPU
		{4393E500-73AD-49F1-BF28-145BE765C735}.Debug_Ubuntu|Any CPU.ActiveCfg = Debug|Any CPU
		{4393E500-73AD-49F1-BF28-145BE765C735}.Debug_Ubuntu|Any CPU.Build.0 = Debug|Any CPU
		{4393E500-73AD-49F1-BF28-145BE765C735}.Debug_Ubuntu|Any CPU.Deploy.0 = Debug|Any CPU
		{4393E500-73AD-49F1-BF28-145BE765C735}.Debug_Ubuntu|iPhone.ActiveCfg = Debug|Any CPU
		{4393E500-73AD-49F1-BF28-145BE765C735}.Debug_Ubuntu|iPhone.Build.0 = Debug|Any CPU
		{4393E500-73AD-49F1-BF28-145BE765C735}.Debug_Ubuntu|iPhone.Deploy.0 = Debug|Any CPU
		{4393E500-73AD-49F1-BF28-145BE765C735}.Debug_Ubuntu|iPhoneSimulator.ActiveCfg = Debug|Any CPU
		{4393E500-73AD-49F1-BF28-145BE765C735}.Debug_Ubuntu|iPhoneSimulator.Build.0 = Debug|Any CPU
		{4393E500-73AD-49F1-BF28-145BE765C735}.Debug_Ubuntu|iPhoneSimulator.Deploy.0 = Debug|Any CPU
		{4393E500-73AD-49F1-BF28-145BE765C735}.Debug|Any CPU.ActiveCfg = Debug|Any CPU
		{4393E500-73AD-49F1-BF28-145BE765C735}.Debug|Any CPU.Deploy.0 = Debug|Any CPU
		{4393E500-73AD-49F1-BF28-145BE765C735}.Debug|iPhone.ActiveCfg = Debug|Any CPU
		{4393E500-73AD-49F1-BF28-145BE765C735}.Debug|iPhone.Build.0 = Debug|Any CPU
		{4393E500-73AD-49F1-BF28-145BE765C735}.Debug|iPhone.Deploy.0 = Debug|Any CPU
		{4393E500-73AD-49F1-BF28-145BE765C735}.Debug|iPhoneSimulator.ActiveCfg = Debug|Any CPU
		{4393E500-73AD-49F1-BF28-145BE765C735}.Debug|iPhoneSimulator.Build.0 = Debug|Any CPU
		{4393E500-73AD-49F1-BF28-145BE765C735}.Debug|iPhoneSimulator.Deploy.0 = Debug|Any CPU
		{4393E500-73AD-49F1-BF28-145BE765C735}.Release_Ubuntu|Any CPU.ActiveCfg = Release|Any CPU
		{4393E500-73AD-49F1-BF28-145BE765C735}.Release_Ubuntu|Any CPU.Build.0 = Release|Any CPU
		{4393E500-73AD-49F1-BF28-145BE765C735}.Release_Ubuntu|Any CPU.Deploy.0 = Release|Any CPU
		{4393E500-73AD-49F1-BF28-145BE765C735}.Release_Ubuntu|iPhone.ActiveCfg = Release|Any CPU
		{4393E500-73AD-49F1-BF28-145BE765C735}.Release_Ubuntu|iPhone.Build.0 = Release|Any CPU
		{4393E500-73AD-49F1-BF28-145BE765C735}.Release_Ubuntu|iPhone.Deploy.0 = Release|Any CPU
		{4393E500-73AD-49F1-BF28-145BE765C735}.Release_Ubuntu|iPhoneSimulator.ActiveCfg = Release|Any CPU
		{4393E500-73AD-49F1-BF28-145BE765C735}.Release_Ubuntu|iPhoneSimulator.Build.0 = Release|Any CPU
		{4393E500-73AD-49F1-BF28-145BE765C735}.Release_Ubuntu|iPhoneSimulator.Deploy.0 = Release|Any CPU
		{4393E500-73AD-49F1-BF28-145BE765C735}.Release|Any CPU.ActiveCfg = Release|Any CPU
		{4393E500-73AD-49F1-BF28-145BE765C735}.Release|Any CPU.Deploy.0 = Release|Any CPU
		{4393E500-73AD-49F1-BF28-145BE765C735}.Release|iPhone.ActiveCfg = Release|Any CPU
		{4393E500-73AD-49F1-BF28-145BE765C735}.Release|iPhone.Build.0 = Release|Any CPU
		{4393E500-73AD-49F1-BF28-145BE765C735}.Release|iPhone.Deploy.0 = Release|Any CPU
		{4393E500-73AD-49F1-BF28-145BE765C735}.Release|iPhoneSimulator.ActiveCfg = Release|Any CPU
		{4393E500-73AD-49F1-BF28-145BE765C735}.Release|iPhoneSimulator.Build.0 = Release|Any CPU
		{4393E500-73AD-49F1-BF28-145BE765C735}.Release|iPhoneSimulator.Deploy.0 = Release|Any CPU
		{9FA20284-D97D-4BE0-9680-6D2A46AAAC42}.Ad-Hoc|Any CPU.ActiveCfg = Ad-Hoc|iPhone
		{9FA20284-D97D-4BE0-9680-6D2A46AAAC42}.Ad-Hoc|iPhone.ActiveCfg = Ad-Hoc|iPhone
		{9FA20284-D97D-4BE0-9680-6D2A46AAAC42}.Ad-Hoc|iPhone.Build.0 = Ad-Hoc|iPhone
		{9FA20284-D97D-4BE0-9680-6D2A46AAAC42}.Ad-Hoc|iPhoneSimulator.ActiveCfg = Ad-Hoc|iPhoneSimulator
		{9FA20284-D97D-4BE0-9680-6D2A46AAAC42}.Ad-Hoc|iPhoneSimulator.Build.0 = Ad-Hoc|iPhoneSimulator
		{9FA20284-D97D-4BE0-9680-6D2A46AAAC42}.AppStore|Any CPU.ActiveCfg = AppStore|iPhone
		{9FA20284-D97D-4BE0-9680-6D2A46AAAC42}.AppStore|iPhone.ActiveCfg = AppStore|iPhone
		{9FA20284-D97D-4BE0-9680-6D2A46AAAC42}.AppStore|iPhone.Build.0 = AppStore|iPhone
		{9FA20284-D97D-4BE0-9680-6D2A46AAAC42}.AppStore|iPhoneSimulator.ActiveCfg = AppStore|iPhoneSimulator
		{9FA20284-D97D-4BE0-9680-6D2A46AAAC42}.AppStore|iPhoneSimulator.Build.0 = AppStore|iPhoneSimulator
		{9FA20284-D97D-4BE0-9680-6D2A46AAAC42}.Debug_Ubuntu|Any CPU.ActiveCfg = AppStore|iPhone
		{9FA20284-D97D-4BE0-9680-6D2A46AAAC42}.Debug_Ubuntu|Any CPU.Build.0 = AppStore|iPhone
		{9FA20284-D97D-4BE0-9680-6D2A46AAAC42}.Debug_Ubuntu|iPhone.ActiveCfg = Debug|iPhone
		{9FA20284-D97D-4BE0-9680-6D2A46AAAC42}.Debug_Ubuntu|iPhone.Build.0 = Debug|iPhone
		{9FA20284-D97D-4BE0-9680-6D2A46AAAC42}.Debug_Ubuntu|iPhoneSimulator.ActiveCfg = Debug|iPhoneSimulator
		{9FA20284-D97D-4BE0-9680-6D2A46AAAC42}.Debug_Ubuntu|iPhoneSimulator.Build.0 = Debug|iPhoneSimulator
		{9FA20284-D97D-4BE0-9680-6D2A46AAAC42}.Debug|Any CPU.ActiveCfg = Debug|iPhone
		{9FA20284-D97D-4BE0-9680-6D2A46AAAC42}.Debug|iPhone.ActiveCfg = Debug|iPhone
		{9FA20284-D97D-4BE0-9680-6D2A46AAAC42}.Debug|iPhone.Build.0 = Debug|iPhone
		{9FA20284-D97D-4BE0-9680-6D2A46AAAC42}.Debug|iPhoneSimulator.ActiveCfg = Debug|iPhoneSimulator
		{9FA20284-D97D-4BE0-9680-6D2A46AAAC42}.Debug|iPhoneSimulator.Build.0 = Debug|iPhoneSimulator
		{9FA20284-D97D-4BE0-9680-6D2A46AAAC42}.Release_Ubuntu|Any CPU.ActiveCfg = AppStore|iPhone
		{9FA20284-D97D-4BE0-9680-6D2A46AAAC42}.Release_Ubuntu|Any CPU.Build.0 = AppStore|iPhone
		{9FA20284-D97D-4BE0-9680-6D2A46AAAC42}.Release_Ubuntu|iPhone.ActiveCfg = Release|iPhone
		{9FA20284-D97D-4BE0-9680-6D2A46AAAC42}.Release_Ubuntu|iPhone.Build.0 = Release|iPhone
		{9FA20284-D97D-4BE0-9680-6D2A46AAAC42}.Release_Ubuntu|iPhoneSimulator.ActiveCfg = Release|iPhoneSimulator
		{9FA20284-D97D-4BE0-9680-6D2A46AAAC42}.Release_Ubuntu|iPhoneSimulator.Build.0 = Release|iPhoneSimulator
		{9FA20284-D97D-4BE0-9680-6D2A46AAAC42}.Release|Any CPU.ActiveCfg = Release|iPhone
		{9FA20284-D97D-4BE0-9680-6D2A46AAAC42}.Release|iPhone.ActiveCfg = Release|iPhone
		{9FA20284-D97D-4BE0-9680-6D2A46AAAC42}.Release|iPhone.Build.0 = Release|iPhone
		{9FA20284-D97D-4BE0-9680-6D2A46AAAC42}.Release|iPhoneSimulator.ActiveCfg = Release|iPhoneSimulator
		{9FA20284-D97D-4BE0-9680-6D2A46AAAC42}.Release|iPhoneSimulator.Build.0 = Release|iPhoneSimulator
		{9FA3AC02-C417-416C-991B-F17499B7CB67}.Ad-Hoc|Any CPU.ActiveCfg = Debug|Any CPU
		{9FA3AC02-C417-416C-991B-F17499B7CB67}.Ad-Hoc|Any CPU.Build.0 = Debug|Any CPU
		{9FA3AC02-C417-416C-991B-F17499B7CB67}.Ad-Hoc|iPhone.ActiveCfg = Debug|Any CPU
		{9FA3AC02-C417-416C-991B-F17499B7CB67}.Ad-Hoc|iPhone.Build.0 = Debug|Any CPU
		{9FA3AC02-C417-416C-991B-F17499B7CB67}.Ad-Hoc|iPhoneSimulator.ActiveCfg = Debug|Any CPU
		{9FA3AC02-C417-416C-991B-F17499B7CB67}.Ad-Hoc|iPhoneSimulator.Build.0 = Debug|Any CPU
		{9FA3AC02-C417-416C-991B-F17499B7CB67}.AppStore|Any CPU.ActiveCfg = Debug|Any CPU
		{9FA3AC02-C417-416C-991B-F17499B7CB67}.AppStore|Any CPU.Build.0 = Debug|Any CPU
		{9FA3AC02-C417-416C-991B-F17499B7CB67}.AppStore|iPhone.ActiveCfg = Debug|Any CPU
		{9FA3AC02-C417-416C-991B-F17499B7CB67}.AppStore|iPhone.Build.0 = Debug|Any CPU
		{9FA3AC02-C417-416C-991B-F17499B7CB67}.AppStore|iPhoneSimulator.ActiveCfg = Debug|Any CPU
		{9FA3AC02-C417-416C-991B-F17499B7CB67}.AppStore|iPhoneSimulator.Build.0 = Debug|Any CPU
		{9FA3AC02-C417-416C-991B-F17499B7CB67}.Debug_Ubuntu|Any CPU.ActiveCfg = Debug|Any CPU
		{9FA3AC02-C417-416C-991B-F17499B7CB67}.Debug_Ubuntu|Any CPU.Build.0 = Debug|Any CPU
		{9FA3AC02-C417-416C-991B-F17499B7CB67}.Debug_Ubuntu|iPhone.ActiveCfg = Debug|Any CPU
		{9FA3AC02-C417-416C-991B-F17499B7CB67}.Debug_Ubuntu|iPhone.Build.0 = Debug|Any CPU
		{9FA3AC02-C417-416C-991B-F17499B7CB67}.Debug_Ubuntu|iPhoneSimulator.ActiveCfg = Debug|Any CPU
		{9FA3AC02-C417-416C-991B-F17499B7CB67}.Debug_Ubuntu|iPhoneSimulator.Build.0 = Debug|Any CPU
		{9FA3AC02-C417-416C-991B-F17499B7CB67}.Debug|Any CPU.ActiveCfg = Debug|Any CPU
		{9FA3AC02-C417-416C-991B-F17499B7CB67}.Debug|iPhone.ActiveCfg = Debug|Any CPU
		{9FA3AC02-C417-416C-991B-F17499B7CB67}.Debug|iPhone.Build.0 = Debug|Any CPU
		{9FA3AC02-C417-416C-991B-F17499B7CB67}.Debug|iPhoneSimulator.ActiveCfg = Debug|Any CPU
		{9FA3AC02-C417-416C-991B-F17499B7CB67}.Debug|iPhoneSimulator.Build.0 = Debug|Any CPU
		{9FA3AC02-C417-416C-991B-F17499B7CB67}.Release_Ubuntu|Any CPU.ActiveCfg = Release|Any CPU
		{9FA3AC02-C417-416C-991B-F17499B7CB67}.Release_Ubuntu|Any CPU.Build.0 = Release|Any CPU
		{9FA3AC02-C417-416C-991B-F17499B7CB67}.Release_Ubuntu|iPhone.ActiveCfg = Release|Any CPU
		{9FA3AC02-C417-416C-991B-F17499B7CB67}.Release_Ubuntu|iPhone.Build.0 = Release|Any CPU
		{9FA3AC02-C417-416C-991B-F17499B7CB67}.Release_Ubuntu|iPhoneSimulator.ActiveCfg = Release|Any CPU
		{9FA3AC02-C417-416C-991B-F17499B7CB67}.Release_Ubuntu|iPhoneSimulator.Build.0 = Release|Any CPU
		{9FA3AC02-C417-416C-991B-F17499B7CB67}.Release|Any CPU.ActiveCfg = Release|Any CPU
		{9FA3AC02-C417-416C-991B-F17499B7CB67}.Release|iPhone.ActiveCfg = Release|Any CPU
		{9FA3AC02-C417-416C-991B-F17499B7CB67}.Release|iPhone.Build.0 = Release|Any CPU
		{9FA3AC02-C417-416C-991B-F17499B7CB67}.Release|iPhoneSimulator.ActiveCfg = Release|Any CPU
		{9FA3AC02-C417-416C-991B-F17499B7CB67}.Release|iPhoneSimulator.Build.0 = Release|Any CPU
		{234AA196-3859-4322-861E-9AD5AC9240D0}.Ad-Hoc|Any CPU.ActiveCfg = Release|Any CPU
		{234AA196-3859-4322-861E-9AD5AC9240D0}.Ad-Hoc|Any CPU.Build.0 = Release|Any CPU
		{234AA196-3859-4322-861E-9AD5AC9240D0}.Ad-Hoc|iPhone.ActiveCfg = Release|Any CPU
		{234AA196-3859-4322-861E-9AD5AC9240D0}.Ad-Hoc|iPhone.Build.0 = Release|Any CPU
		{234AA196-3859-4322-861E-9AD5AC9240D0}.Ad-Hoc|iPhoneSimulator.ActiveCfg = Release|Any CPU
		{234AA196-3859-4322-861E-9AD5AC9240D0}.Ad-Hoc|iPhoneSimulator.Build.0 = Release|Any CPU
		{234AA196-3859-4322-861E-9AD5AC9240D0}.AppStore|Any CPU.ActiveCfg = Release|Any CPU
		{234AA196-3859-4322-861E-9AD5AC9240D0}.AppStore|Any CPU.Build.0 = Release|Any CPU
		{234AA196-3859-4322-861E-9AD5AC9240D0}.AppStore|iPhone.ActiveCfg = Release|Any CPU
		{234AA196-3859-4322-861E-9AD5AC9240D0}.AppStore|iPhone.Build.0 = Release|Any CPU
		{234AA196-3859-4322-861E-9AD5AC9240D0}.AppStore|iPhoneSimulator.ActiveCfg = Release|Any CPU
		{234AA196-3859-4322-861E-9AD5AC9240D0}.AppStore|iPhoneSimulator.Build.0 = Release|Any CPU
		{234AA196-3859-4322-861E-9AD5AC9240D0}.Debug_Ubuntu|Any CPU.ActiveCfg = Debug|Any CPU
		{234AA196-3859-4322-861E-9AD5AC9240D0}.Debug_Ubuntu|Any CPU.Build.0 = Debug|Any CPU
		{234AA196-3859-4322-861E-9AD5AC9240D0}.Debug_Ubuntu|iPhone.ActiveCfg = Debug|Any CPU
		{234AA196-3859-4322-861E-9AD5AC9240D0}.Debug_Ubuntu|iPhone.Build.0 = Debug|Any CPU
		{234AA196-3859-4322-861E-9AD5AC9240D0}.Debug_Ubuntu|iPhoneSimulator.ActiveCfg = Debug|Any CPU
		{234AA196-3859-4322-861E-9AD5AC9240D0}.Debug_Ubuntu|iPhoneSimulator.Build.0 = Debug|Any CPU
		{234AA196-3859-4322-861E-9AD5AC9240D0}.Debug|Any CPU.ActiveCfg = Debug|Any CPU
		{234AA196-3859-4322-861E-9AD5AC9240D0}.Debug|Any CPU.Build.0 = Debug|Any CPU
		{234AA196-3859-4322-861E-9AD5AC9240D0}.Debug|iPhone.ActiveCfg = Debug|Any CPU
		{234AA196-3859-4322-861E-9AD5AC9240D0}.Debug|iPhone.Build.0 = Debug|Any CPU
		{234AA196-3859-4322-861E-9AD5AC9240D0}.Debug|iPhoneSimulator.ActiveCfg = Debug|Any CPU
		{234AA196-3859-4322-861E-9AD5AC9240D0}.Debug|iPhoneSimulator.Build.0 = Debug|Any CPU
		{234AA196-3859-4322-861E-9AD5AC9240D0}.Release_Ubuntu|Any CPU.ActiveCfg = Release|Any CPU
		{234AA196-3859-4322-861E-9AD5AC9240D0}.Release_Ubuntu|Any CPU.Build.0 = Release|Any CPU
		{234AA196-3859-4322-861E-9AD5AC9240D0}.Release_Ubuntu|iPhone.ActiveCfg = Release|Any CPU
		{234AA196-3859-4322-861E-9AD5AC9240D0}.Release_Ubuntu|iPhone.Build.0 = Release|Any CPU
		{234AA196-3859-4322-861E-9AD5AC9240D0}.Release_Ubuntu|iPhoneSimulator.ActiveCfg = Release|Any CPU
		{234AA196-3859-4322-861E-9AD5AC9240D0}.Release_Ubuntu|iPhoneSimulator.Build.0 = Release|Any CPU
		{234AA196-3859-4322-861E-9AD5AC9240D0}.Release|Any CPU.ActiveCfg = Release|Any CPU
		{234AA196-3859-4322-861E-9AD5AC9240D0}.Release|Any CPU.Build.0 = Release|Any CPU
		{234AA196-3859-4322-861E-9AD5AC9240D0}.Release|iPhone.ActiveCfg = Release|Any CPU
		{234AA196-3859-4322-861E-9AD5AC9240D0}.Release|iPhone.Build.0 = Release|Any CPU
		{234AA196-3859-4322-861E-9AD5AC9240D0}.Release|iPhoneSimulator.ActiveCfg = Release|Any CPU
		{234AA196-3859-4322-861E-9AD5AC9240D0}.Release|iPhoneSimulator.Build.0 = Release|Any CPU
		{C9AC386E-F2F5-4F43-B3B0-216EF40A49DB}.Ad-Hoc|Any CPU.ActiveCfg = Release|Any CPU
		{C9AC386E-F2F5-4F43-B3B0-216EF40A49DB}.Ad-Hoc|Any CPU.Build.0 = Release|Any CPU
		{C9AC386E-F2F5-4F43-B3B0-216EF40A49DB}.Ad-Hoc|iPhone.ActiveCfg = Release|Any CPU
		{C9AC386E-F2F5-4F43-B3B0-216EF40A49DB}.Ad-Hoc|iPhone.Build.0 = Release|Any CPU
		{C9AC386E-F2F5-4F43-B3B0-216EF40A49DB}.Ad-Hoc|iPhoneSimulator.ActiveCfg = Release|Any CPU
		{C9AC386E-F2F5-4F43-B3B0-216EF40A49DB}.Ad-Hoc|iPhoneSimulator.Build.0 = Release|Any CPU
		{C9AC386E-F2F5-4F43-B3B0-216EF40A49DB}.AppStore|Any CPU.ActiveCfg = Release|Any CPU
		{C9AC386E-F2F5-4F43-B3B0-216EF40A49DB}.AppStore|Any CPU.Build.0 = Release|Any CPU
		{C9AC386E-F2F5-4F43-B3B0-216EF40A49DB}.AppStore|iPhone.ActiveCfg = Release|Any CPU
		{C9AC386E-F2F5-4F43-B3B0-216EF40A49DB}.AppStore|iPhone.Build.0 = Release|Any CPU
		{C9AC386E-F2F5-4F43-B3B0-216EF40A49DB}.AppStore|iPhoneSimulator.ActiveCfg = Release|Any CPU
		{C9AC386E-F2F5-4F43-B3B0-216EF40A49DB}.AppStore|iPhoneSimulator.Build.0 = Release|Any CPU
		{C9AC386E-F2F5-4F43-B3B0-216EF40A49DB}.Debug_Ubuntu|Any CPU.ActiveCfg = Debug|Any CPU
		{C9AC386E-F2F5-4F43-B3B0-216EF40A49DB}.Debug_Ubuntu|Any CPU.Build.0 = Debug|Any CPU
		{C9AC386E-F2F5-4F43-B3B0-216EF40A49DB}.Debug_Ubuntu|iPhone.ActiveCfg = Debug|Any CPU
		{C9AC386E-F2F5-4F43-B3B0-216EF40A49DB}.Debug_Ubuntu|iPhone.Build.0 = Debug|Any CPU
		{C9AC386E-F2F5-4F43-B3B0-216EF40A49DB}.Debug_Ubuntu|iPhoneSimulator.ActiveCfg = Debug|Any CPU
		{C9AC386E-F2F5-4F43-B3B0-216EF40A49DB}.Debug_Ubuntu|iPhoneSimulator.Build.0 = Debug|Any CPU
		{C9AC386E-F2F5-4F43-B3B0-216EF40A49DB}.Debug|Any CPU.ActiveCfg = Debug|Any CPU
		{C9AC386E-F2F5-4F43-B3B0-216EF40A49DB}.Debug|Any CPU.Build.0 = Debug|Any CPU
		{C9AC386E-F2F5-4F43-B3B0-216EF40A49DB}.Debug|iPhone.ActiveCfg = Debug|Any CPU
		{C9AC386E-F2F5-4F43-B3B0-216EF40A49DB}.Debug|iPhone.Build.0 = Debug|Any CPU
		{C9AC386E-F2F5-4F43-B3B0-216EF40A49DB}.Debug|iPhoneSimulator.ActiveCfg = Debug|Any CPU
		{C9AC386E-F2F5-4F43-B3B0-216EF40A49DB}.Debug|iPhoneSimulator.Build.0 = Debug|Any CPU
		{C9AC386E-F2F5-4F43-B3B0-216EF40A49DB}.Release_Ubuntu|Any CPU.ActiveCfg = Release|Any CPU
		{C9AC386E-F2F5-4F43-B3B0-216EF40A49DB}.Release_Ubuntu|Any CPU.Build.0 = Release|Any CPU
		{C9AC386E-F2F5-4F43-B3B0-216EF40A49DB}.Release_Ubuntu|iPhone.ActiveCfg = Release|Any CPU
		{C9AC386E-F2F5-4F43-B3B0-216EF40A49DB}.Release_Ubuntu|iPhone.Build.0 = Release|Any CPU
		{C9AC386E-F2F5-4F43-B3B0-216EF40A49DB}.Release_Ubuntu|iPhoneSimulator.ActiveCfg = Release|Any CPU
		{C9AC386E-F2F5-4F43-B3B0-216EF40A49DB}.Release_Ubuntu|iPhoneSimulator.Build.0 = Release|Any CPU
		{C9AC386E-F2F5-4F43-B3B0-216EF40A49DB}.Release|Any CPU.ActiveCfg = Release|Any CPU
		{C9AC386E-F2F5-4F43-B3B0-216EF40A49DB}.Release|Any CPU.Build.0 = Release|Any CPU
		{C9AC386E-F2F5-4F43-B3B0-216EF40A49DB}.Release|iPhone.ActiveCfg = Release|Any CPU
		{C9AC386E-F2F5-4F43-B3B0-216EF40A49DB}.Release|iPhone.Build.0 = Release|Any CPU
		{C9AC386E-F2F5-4F43-B3B0-216EF40A49DB}.Release|iPhoneSimulator.ActiveCfg = Release|Any CPU
		{C9AC386E-F2F5-4F43-B3B0-216EF40A49DB}.Release|iPhoneSimulator.Build.0 = Release|Any CPU
		{1C59E306-F349-4A37-A655-12F889FDDFD3}.Ad-Hoc|Any CPU.ActiveCfg = Release|Any CPU
		{1C59E306-F349-4A37-A655-12F889FDDFD3}.Ad-Hoc|Any CPU.Build.0 = Release|Any CPU
		{1C59E306-F349-4A37-A655-12F889FDDFD3}.Ad-Hoc|iPhone.ActiveCfg = Release|Any CPU
		{1C59E306-F349-4A37-A655-12F889FDDFD3}.Ad-Hoc|iPhone.Build.0 = Release|Any CPU
		{1C59E306-F349-4A37-A655-12F889FDDFD3}.Ad-Hoc|iPhoneSimulator.ActiveCfg = Release|Any CPU
		{1C59E306-F349-4A37-A655-12F889FDDFD3}.Ad-Hoc|iPhoneSimulator.Build.0 = Release|Any CPU
		{1C59E306-F349-4A37-A655-12F889FDDFD3}.AppStore|Any CPU.ActiveCfg = Release|Any CPU
		{1C59E306-F349-4A37-A655-12F889FDDFD3}.AppStore|Any CPU.Build.0 = Release|Any CPU
		{1C59E306-F349-4A37-A655-12F889FDDFD3}.AppStore|iPhone.ActiveCfg = Release|Any CPU
		{1C59E306-F349-4A37-A655-12F889FDDFD3}.AppStore|iPhone.Build.0 = Release|Any CPU
		{1C59E306-F349-4A37-A655-12F889FDDFD3}.AppStore|iPhoneSimulator.ActiveCfg = Release|Any CPU
		{1C59E306-F349-4A37-A655-12F889FDDFD3}.AppStore|iPhoneSimulator.Build.0 = Release|Any CPU
		{1C59E306-F349-4A37-A655-12F889FDDFD3}.Debug_Ubuntu|Any CPU.ActiveCfg = Debug|Any CPU
		{1C59E306-F349-4A37-A655-12F889FDDFD3}.Debug_Ubuntu|Any CPU.Build.0 = Debug|Any CPU
		{1C59E306-F349-4A37-A655-12F889FDDFD3}.Debug_Ubuntu|iPhone.ActiveCfg = Debug|Any CPU
		{1C59E306-F349-4A37-A655-12F889FDDFD3}.Debug_Ubuntu|iPhone.Build.0 = Debug|Any CPU
		{1C59E306-F349-4A37-A655-12F889FDDFD3}.Debug_Ubuntu|iPhoneSimulator.ActiveCfg = Debug|Any CPU
		{1C59E306-F349-4A37-A655-12F889FDDFD3}.Debug_Ubuntu|iPhoneSimulator.Build.0 = Debug|Any CPU
		{1C59E306-F349-4A37-A655-12F889FDDFD3}.Debug|Any CPU.ActiveCfg = Debug|Any CPU
		{1C59E306-F349-4A37-A655-12F889FDDFD3}.Debug|Any CPU.Build.0 = Debug|Any CPU
		{1C59E306-F349-4A37-A655-12F889FDDFD3}.Debug|iPhone.ActiveCfg = Debug|Any CPU
		{1C59E306-F349-4A37-A655-12F889FDDFD3}.Debug|iPhone.Build.0 = Debug|Any CPU
		{1C59E306-F349-4A37-A655-12F889FDDFD3}.Debug|iPhoneSimulator.ActiveCfg = Debug|Any CPU
		{1C59E306-F349-4A37-A655-12F889FDDFD3}.Debug|iPhoneSimulator.Build.0 = Debug|Any CPU
		{1C59E306-F349-4A37-A655-12F889FDDFD3}.Release_Ubuntu|Any CPU.ActiveCfg = Release|Any CPU
		{1C59E306-F349-4A37-A655-12F889FDDFD3}.Release_Ubuntu|Any CPU.Build.0 = Release|Any CPU
		{1C59E306-F349-4A37-A655-12F889FDDFD3}.Release_Ubuntu|iPhone.ActiveCfg = Release|Any CPU
		{1C59E306-F349-4A37-A655-12F889FDDFD3}.Release_Ubuntu|iPhone.Build.0 = Release|Any CPU
		{1C59E306-F349-4A37-A655-12F889FDDFD3}.Release_Ubuntu|iPhoneSimulator.ActiveCfg = Release|Any CPU
		{1C59E306-F349-4A37-A655-12F889FDDFD3}.Release_Ubuntu|iPhoneSimulator.Build.0 = Release|Any CPU
		{1C59E306-F349-4A37-A655-12F889FDDFD3}.Release|Any CPU.ActiveCfg = Release|Any CPU
		{1C59E306-F349-4A37-A655-12F889FDDFD3}.Release|Any CPU.Build.0 = Release|Any CPU
		{1C59E306-F349-4A37-A655-12F889FDDFD3}.Release|iPhone.ActiveCfg = Release|Any CPU
		{1C59E306-F349-4A37-A655-12F889FDDFD3}.Release|iPhone.Build.0 = Release|Any CPU
		{1C59E306-F349-4A37-A655-12F889FDDFD3}.Release|iPhoneSimulator.ActiveCfg = Release|Any CPU
		{1C59E306-F349-4A37-A655-12F889FDDFD3}.Release|iPhoneSimulator.Build.0 = Release|Any CPU
		{E71ECE37-BA1B-4D80-8357-7FB4AFFEC2E4}.Ad-Hoc|Any CPU.ActiveCfg = Release|Any CPU
		{E71ECE37-BA1B-4D80-8357-7FB4AFFEC2E4}.Ad-Hoc|Any CPU.Build.0 = Release|Any CPU
		{E71ECE37-BA1B-4D80-8357-7FB4AFFEC2E4}.Ad-Hoc|iPhone.ActiveCfg = Release|Any CPU
		{E71ECE37-BA1B-4D80-8357-7FB4AFFEC2E4}.Ad-Hoc|iPhone.Build.0 = Release|Any CPU
		{E71ECE37-BA1B-4D80-8357-7FB4AFFEC2E4}.Ad-Hoc|iPhoneSimulator.ActiveCfg = Release|Any CPU
		{E71ECE37-BA1B-4D80-8357-7FB4AFFEC2E4}.Ad-Hoc|iPhoneSimulator.Build.0 = Release|Any CPU
		{E71ECE37-BA1B-4D80-8357-7FB4AFFEC2E4}.AppStore|Any CPU.ActiveCfg = Release|Any CPU
		{E71ECE37-BA1B-4D80-8357-7FB4AFFEC2E4}.AppStore|Any CPU.Build.0 = Release|Any CPU
		{E71ECE37-BA1B-4D80-8357-7FB4AFFEC2E4}.AppStore|iPhone.ActiveCfg = Release|Any CPU
		{E71ECE37-BA1B-4D80-8357-7FB4AFFEC2E4}.AppStore|iPhone.Build.0 = Release|Any CPU
		{E71ECE37-BA1B-4D80-8357-7FB4AFFEC2E4}.AppStore|iPhoneSimulator.ActiveCfg = Release|Any CPU
		{E71ECE37-BA1B-4D80-8357-7FB4AFFEC2E4}.AppStore|iPhoneSimulator.Build.0 = Release|Any CPU
		{E71ECE37-BA1B-4D80-8357-7FB4AFFEC2E4}.Debug_Ubuntu|Any CPU.ActiveCfg = Debug|Any CPU
		{E71ECE37-BA1B-4D80-8357-7FB4AFFEC2E4}.Debug_Ubuntu|Any CPU.Build.0 = Debug|Any CPU
		{E71ECE37-BA1B-4D80-8357-7FB4AFFEC2E4}.Debug_Ubuntu|iPhone.ActiveCfg = Debug|Any CPU
		{E71ECE37-BA1B-4D80-8357-7FB4AFFEC2E4}.Debug_Ubuntu|iPhone.Build.0 = Debug|Any CPU
		{E71ECE37-BA1B-4D80-8357-7FB4AFFEC2E4}.Debug_Ubuntu|iPhoneSimulator.ActiveCfg = Debug|Any CPU
		{E71ECE37-BA1B-4D80-8357-7FB4AFFEC2E4}.Debug_Ubuntu|iPhoneSimulator.Build.0 = Debug|Any CPU
		{E71ECE37-BA1B-4D80-8357-7FB4AFFEC2E4}.Debug|Any CPU.ActiveCfg = Debug|Any CPU
		{E71ECE37-BA1B-4D80-8357-7FB4AFFEC2E4}.Debug|Any CPU.Build.0 = Debug|Any CPU
		{E71ECE37-BA1B-4D80-8357-7FB4AFFEC2E4}.Debug|iPhone.ActiveCfg = Debug|Any CPU
		{E71ECE37-BA1B-4D80-8357-7FB4AFFEC2E4}.Debug|iPhone.Build.0 = Debug|Any CPU
		{E71ECE37-BA1B-4D80-8357-7FB4AFFEC2E4}.Debug|iPhoneSimulator.ActiveCfg = Debug|Any CPU
		{E71ECE37-BA1B-4D80-8357-7FB4AFFEC2E4}.Debug|iPhoneSimulator.Build.0 = Debug|Any CPU
		{E71ECE37-BA1B-4D80-8357-7FB4AFFEC2E4}.Release_Ubuntu|Any CPU.ActiveCfg = Release|Any CPU
		{E71ECE37-BA1B-4D80-8357-7FB4AFFEC2E4}.Release_Ubuntu|Any CPU.Build.0 = Release|Any CPU
		{E71ECE37-BA1B-4D80-8357-7FB4AFFEC2E4}.Release_Ubuntu|iPhone.ActiveCfg = Release|Any CPU
		{E71ECE37-BA1B-4D80-8357-7FB4AFFEC2E4}.Release_Ubuntu|iPhone.Build.0 = Release|Any CPU
		{E71ECE37-BA1B-4D80-8357-7FB4AFFEC2E4}.Release_Ubuntu|iPhoneSimulator.ActiveCfg = Release|Any CPU
		{E71ECE37-BA1B-4D80-8357-7FB4AFFEC2E4}.Release_Ubuntu|iPhoneSimulator.Build.0 = Release|Any CPU
		{E71ECE37-BA1B-4D80-8357-7FB4AFFEC2E4}.Release|Any CPU.ActiveCfg = Release|Any CPU
		{E71ECE37-BA1B-4D80-8357-7FB4AFFEC2E4}.Release|Any CPU.Build.0 = Release|Any CPU
		{E71ECE37-BA1B-4D80-8357-7FB4AFFEC2E4}.Release|iPhone.ActiveCfg = Release|Any CPU
		{E71ECE37-BA1B-4D80-8357-7FB4AFFEC2E4}.Release|iPhone.Build.0 = Release|Any CPU
		{E71ECE37-BA1B-4D80-8357-7FB4AFFEC2E4}.Release|iPhoneSimulator.ActiveCfg = Release|Any CPU
		{E71ECE37-BA1B-4D80-8357-7FB4AFFEC2E4}.Release|iPhoneSimulator.Build.0 = Release|Any CPU
		{0535C61D-BB29-46C7-B09E-C905B78E9B98}.Ad-Hoc|Any CPU.ActiveCfg = Release|Any CPU
		{0535C61D-BB29-46C7-B09E-C905B78E9B98}.Ad-Hoc|Any CPU.Build.0 = Release|Any CPU
		{0535C61D-BB29-46C7-B09E-C905B78E9B98}.Ad-Hoc|iPhone.ActiveCfg = Release|Any CPU
		{0535C61D-BB29-46C7-B09E-C905B78E9B98}.Ad-Hoc|iPhone.Build.0 = Release|Any CPU
		{0535C61D-BB29-46C7-B09E-C905B78E9B98}.Ad-Hoc|iPhoneSimulator.ActiveCfg = Release|Any CPU
		{0535C61D-BB29-46C7-B09E-C905B78E9B98}.Ad-Hoc|iPhoneSimulator.Build.0 = Release|Any CPU
		{0535C61D-BB29-46C7-B09E-C905B78E9B98}.AppStore|Any CPU.ActiveCfg = Release|Any CPU
		{0535C61D-BB29-46C7-B09E-C905B78E9B98}.AppStore|Any CPU.Build.0 = Release|Any CPU
		{0535C61D-BB29-46C7-B09E-C905B78E9B98}.AppStore|iPhone.ActiveCfg = Release|Any CPU
		{0535C61D-BB29-46C7-B09E-C905B78E9B98}.AppStore|iPhone.Build.0 = Release|Any CPU
		{0535C61D-BB29-46C7-B09E-C905B78E9B98}.AppStore|iPhoneSimulator.ActiveCfg = Release|Any CPU
		{0535C61D-BB29-46C7-B09E-C905B78E9B98}.AppStore|iPhoneSimulator.Build.0 = Release|Any CPU
		{0535C61D-BB29-46C7-B09E-C905B78E9B98}.Debug_Ubuntu|Any CPU.ActiveCfg = Debug|Any CPU
		{0535C61D-BB29-46C7-B09E-C905B78E9B98}.Debug_Ubuntu|Any CPU.Build.0 = Debug|Any CPU
		{0535C61D-BB29-46C7-B09E-C905B78E9B98}.Debug_Ubuntu|iPhone.ActiveCfg = Debug|Any CPU
		{0535C61D-BB29-46C7-B09E-C905B78E9B98}.Debug_Ubuntu|iPhone.Build.0 = Debug|Any CPU
		{0535C61D-BB29-46C7-B09E-C905B78E9B98}.Debug_Ubuntu|iPhoneSimulator.ActiveCfg = Debug|Any CPU
		{0535C61D-BB29-46C7-B09E-C905B78E9B98}.Debug_Ubuntu|iPhoneSimulator.Build.0 = Debug|Any CPU
		{0535C61D-BB29-46C7-B09E-C905B78E9B98}.Debug|Any CPU.ActiveCfg = Debug|Any CPU
		{0535C61D-BB29-46C7-B09E-C905B78E9B98}.Debug|Any CPU.Build.0 = Debug|Any CPU
		{0535C61D-BB29-46C7-B09E-C905B78E9B98}.Debug|iPhone.ActiveCfg = Debug|Any CPU
		{0535C61D-BB29-46C7-B09E-C905B78E9B98}.Debug|iPhone.Build.0 = Debug|Any CPU
		{0535C61D-BB29-46C7-B09E-C905B78E9B98}.Debug|iPhoneSimulator.ActiveCfg = Debug|Any CPU
		{0535C61D-BB29-46C7-B09E-C905B78E9B98}.Debug|iPhoneSimulator.Build.0 = Debug|Any CPU
		{0535C61D-BB29-46C7-B09E-C905B78E9B98}.Release_Ubuntu|Any CPU.ActiveCfg = Release|Any CPU
		{0535C61D-BB29-46C7-B09E-C905B78E9B98}.Release_Ubuntu|Any CPU.Build.0 = Release|Any CPU
		{0535C61D-BB29-46C7-B09E-C905B78E9B98}.Release_Ubuntu|iPhone.ActiveCfg = Release|Any CPU
		{0535C61D-BB29-46C7-B09E-C905B78E9B98}.Release_Ubuntu|iPhone.Build.0 = Release|Any CPU
		{0535C61D-BB29-46C7-B09E-C905B78E9B98}.Release_Ubuntu|iPhoneSimulator.ActiveCfg = Release|Any CPU
		{0535C61D-BB29-46C7-B09E-C905B78E9B98}.Release_Ubuntu|iPhoneSimulator.Build.0 = Release|Any CPU
		{0535C61D-BB29-46C7-B09E-C905B78E9B98}.Release|Any CPU.ActiveCfg = Release|Any CPU
		{0535C61D-BB29-46C7-B09E-C905B78E9B98}.Release|Any CPU.Build.0 = Release|Any CPU
		{0535C61D-BB29-46C7-B09E-C905B78E9B98}.Release|iPhone.ActiveCfg = Release|Any CPU
		{0535C61D-BB29-46C7-B09E-C905B78E9B98}.Release|iPhone.Build.0 = Release|Any CPU
		{0535C61D-BB29-46C7-B09E-C905B78E9B98}.Release|iPhoneSimulator.ActiveCfg = Release|Any CPU
		{0535C61D-BB29-46C7-B09E-C905B78E9B98}.Release|iPhoneSimulator.Build.0 = Release|Any CPU
		{DE9ADEE2-F8A5-4BD9-97FD-015206BA8126}.Ad-Hoc|Any CPU.ActiveCfg = Release|Any CPU
		{DE9ADEE2-F8A5-4BD9-97FD-015206BA8126}.Ad-Hoc|Any CPU.Build.0 = Release|Any CPU
		{DE9ADEE2-F8A5-4BD9-97FD-015206BA8126}.Ad-Hoc|iPhone.ActiveCfg = Release|Any CPU
		{DE9ADEE2-F8A5-4BD9-97FD-015206BA8126}.Ad-Hoc|iPhone.Build.0 = Release|Any CPU
		{DE9ADEE2-F8A5-4BD9-97FD-015206BA8126}.Ad-Hoc|iPhoneSimulator.ActiveCfg = Release|Any CPU
		{DE9ADEE2-F8A5-4BD9-97FD-015206BA8126}.Ad-Hoc|iPhoneSimulator.Build.0 = Release|Any CPU
		{DE9ADEE2-F8A5-4BD9-97FD-015206BA8126}.AppStore|Any CPU.ActiveCfg = Release|Any CPU
		{DE9ADEE2-F8A5-4BD9-97FD-015206BA8126}.AppStore|Any CPU.Build.0 = Release|Any CPU
		{DE9ADEE2-F8A5-4BD9-97FD-015206BA8126}.AppStore|iPhone.ActiveCfg = Release|Any CPU
		{DE9ADEE2-F8A5-4BD9-97FD-015206BA8126}.AppStore|iPhone.Build.0 = Release|Any CPU
		{DE9ADEE2-F8A5-4BD9-97FD-015206BA8126}.AppStore|iPhoneSimulator.ActiveCfg = Release|Any CPU
		{DE9ADEE2-F8A5-4BD9-97FD-015206BA8126}.AppStore|iPhoneSimulator.Build.0 = Release|Any CPU
		{DE9ADEE2-F8A5-4BD9-97FD-015206BA8126}.Debug_Ubuntu|Any CPU.ActiveCfg = Debug|Any CPU
		{DE9ADEE2-F8A5-4BD9-97FD-015206BA8126}.Debug_Ubuntu|Any CPU.Build.0 = Debug|Any CPU
		{DE9ADEE2-F8A5-4BD9-97FD-015206BA8126}.Debug_Ubuntu|iPhone.ActiveCfg = Debug|Any CPU
		{DE9ADEE2-F8A5-4BD9-97FD-015206BA8126}.Debug_Ubuntu|iPhone.Build.0 = Debug|Any CPU
		{DE9ADEE2-F8A5-4BD9-97FD-015206BA8126}.Debug_Ubuntu|iPhoneSimulator.ActiveCfg = Debug|Any CPU
		{DE9ADEE2-F8A5-4BD9-97FD-015206BA8126}.Debug_Ubuntu|iPhoneSimulator.Build.0 = Debug|Any CPU
		{DE9ADEE2-F8A5-4BD9-97FD-015206BA8126}.Debug|Any CPU.ActiveCfg = Debug|Any CPU
		{DE9ADEE2-F8A5-4BD9-97FD-015206BA8126}.Debug|Any CPU.Build.0 = Debug|Any CPU
		{DE9ADEE2-F8A5-4BD9-97FD-015206BA8126}.Debug|iPhone.ActiveCfg = Debug|Any CPU
		{DE9ADEE2-F8A5-4BD9-97FD-015206BA8126}.Debug|iPhone.Build.0 = Debug|Any CPU
		{DE9ADEE2-F8A5-4BD9-97FD-015206BA8126}.Debug|iPhoneSimulator.ActiveCfg = Debug|Any CPU
		{DE9ADEE2-F8A5-4BD9-97FD-015206BA8126}.Debug|iPhoneSimulator.Build.0 = Debug|Any CPU
		{DE9ADEE2-F8A5-4BD9-97FD-015206BA8126}.Release_Ubuntu|Any CPU.ActiveCfg = Release|Any CPU
		{DE9ADEE2-F8A5-4BD9-97FD-015206BA8126}.Release_Ubuntu|Any CPU.Build.0 = Release|Any CPU
		{DE9ADEE2-F8A5-4BD9-97FD-015206BA8126}.Release_Ubuntu|iPhone.ActiveCfg = Release|Any CPU
		{DE9ADEE2-F8A5-4BD9-97FD-015206BA8126}.Release_Ubuntu|iPhone.Build.0 = Release|Any CPU
		{DE9ADEE2-F8A5-4BD9-97FD-015206BA8126}.Release_Ubuntu|iPhoneSimulator.ActiveCfg = Release|Any CPU
		{DE9ADEE2-F8A5-4BD9-97FD-015206BA8126}.Release_Ubuntu|iPhoneSimulator.Build.0 = Release|Any CPU
		{DE9ADEE2-F8A5-4BD9-97FD-015206BA8126}.Release|Any CPU.ActiveCfg = Release|Any CPU
		{DE9ADEE2-F8A5-4BD9-97FD-015206BA8126}.Release|Any CPU.Build.0 = Release|Any CPU
		{DE9ADEE2-F8A5-4BD9-97FD-015206BA8126}.Release|iPhone.ActiveCfg = Release|Any CPU
		{DE9ADEE2-F8A5-4BD9-97FD-015206BA8126}.Release|iPhone.Build.0 = Release|Any CPU
		{DE9ADEE2-F8A5-4BD9-97FD-015206BA8126}.Release|iPhoneSimulator.ActiveCfg = Release|Any CPU
		{DE9ADEE2-F8A5-4BD9-97FD-015206BA8126}.Release|iPhoneSimulator.Build.0 = Release|Any CPU
	EndGlobalSection
	GlobalSection(SolutionProperties) = preSolution
		HideSolutionNode = FALSE
	EndGlobalSection
	GlobalSection(NestedProjects) = preSolution
		{BA466DEC-6424-4D55-AEF6-117E3E34440E} = {A3AB18D4-DFDA-4B1C-9347-5AD2653A177B}
		{AA245A4D-DDC2-4288-8694-3852397BCAEE} = {7B87C7D1-5E19-45F5-B716-33FF2FE89FAF}
		{E228DA7D-D268-4AD1-9C8D-A5A9BC28CBB0} = {7B87C7D1-5E19-45F5-B716-33FF2FE89FAF}
		{F00088A4-AC91-4B9F-8349-970CA291869E} = {A3AB18D4-DFDA-4B1C-9347-5AD2653A177B}
		{B357BAC7-529E-4D81-A0D2-71041B19C8DE} = {7A9C5C44-3F4A-48A7-AAD9-AD249CC3682A}
		{2C7F20FF-A425-4F2C-B252-D24C3B65032B} = {F810C2FB-8400-4E8E-88F6-3696AC1032A7}
		{9364C91C-B3AF-45C8-B7C6-F64C8B1902D7} = {F810C2FB-8400-4E8E-88F6-3696AC1032A7}
		{C936B313-8ADC-411D-8581-04C4E62DAC1C} = {7B87C7D1-5E19-45F5-B716-33FF2FE89FAF}
		{4357321D-2978-46D2-96D9-C225A7C59D86} = {F810C2FB-8400-4E8E-88F6-3696AC1032A7}
		{9106414D-3319-41B8-ABF5-C366B3652E90} = {D2BE866A-458B-4701-9FEB-CEA5E0857B4D}
		{4393E500-73AD-49F1-BF28-145BE765C735} = {CF426463-E99D-4EEC-AD77-F0B04FF8414E}
		{9FA20284-D97D-4BE0-9680-6D2A46AAAC42} = {CF426463-E99D-4EEC-AD77-F0B04FF8414E}
		{9FA3AC02-C417-416C-991B-F17499B7CB67} = {CF426463-E99D-4EEC-AD77-F0B04FF8414E}
		{234AA196-3859-4322-861E-9AD5AC9240D0} = {D2BE866A-458B-4701-9FEB-CEA5E0857B4D}
		{C9AC386E-F2F5-4F43-B3B0-216EF40A49DB} = {3272DAD1-1B6C-4172-A673-1492129F2F2F}
		{1C59E306-F349-4A37-A655-12F889FDDFD3} = {D2BE866A-458B-4701-9FEB-CEA5E0857B4D}
		{E71ECE37-BA1B-4D80-8357-7FB4AFFEC2E4} = {ABE722BD-ADC2-4BA6-B06A-B01B70AF30E9}
		{0535C61D-BB29-46C7-B09E-C905B78E9B98} = {ABE722BD-ADC2-4BA6-B06A-B01B70AF30E9}
		{DE9ADEE2-F8A5-4BD9-97FD-015206BA8126} = {D2BE866A-458B-4701-9FEB-CEA5E0857B4D}
	EndGlobalSection
	GlobalSection(ExtensibilityGlobals) = postSolution
		SolutionGuid = {AC375133-0413-4B17-A615-FE333065B3A6}
	EndGlobalSection
EndGlobal
